
Microsoft Visual Studio Solution File, Format Version 11.00
# Visual Studio 2010
Project("{FAE04EC0-301F-11D3-BF4B-00C04F79EFBC}") = "ScrollViewerPanning", "ScrollViewerPanning.csproj", "{E3ADB01F-9410-46DC-B658-D6461B9F6669}"
EndProject
Global
	GlobalSection(SolutionConfigurationPlatforms) = preSolution
		Debug|x86 = Debug|x86
		Release|x86 = Release|x86
	EndGlobalSection
	GlobalSection(ProjectConfigurationPlatforms) = postSolution
		{E3ADB01F-9410-46DC-B658-D6461B9F6669}.Debug|x86.ActiveCfg = Debug|x86
		{E3ADB01F-9410-46DC-B658-D6461B9F6669}.Debug|x86.Build.0 = Debug|x86
		{E3ADB01F-9410-46DC-B658-D6461B9F6669}.Release|x86.ActiveCfg = Release|x86
		{E3ADB01F-9410-46DC-B658-D6461B9F6669}.Release|x86.Build.0 = Release|x86
	EndGlobalSection
	GlobalSection(SolutionProperties) = preSolution
		HideSolutionNode = FALSE
	EndGlobalSection
EndGlobal
