
Microsoft Visual Studio Solution File, Format Version 12.00
# Visual Studio 15
VisualStudioVersion = 15.0.27130.2027
MinimumVisualStudioVersion = 10.0.40219.1
Project("{FAE04EC0-301F-11D3-BF4B-00C04F79EFBC}") = "SyntaxQuickStart", "SyntaxQuickStart\SyntaxQuickStart.csproj", "{5573B696-BD81-46AB-9FE6-62CB8D5DA858}"
EndProject
Global
	GlobalSection(SolutionConfigurationPlatforms) = preSolution
		Debug|Any CPU = Debug|Any CPU
		Release|Any CPU = Release|Any CPU
	EndGlobalSection
	GlobalSection(ProjectConfigurationPlatforms) = postSolution
		{5573B696-BD81-46AB-9FE6-62CB8D5DA858}.Debug|Any CPU.ActiveCfg = Debug|Any CPU
		{5573B696-BD81-46AB-9FE6-62CB8D5DA858}.Debug|Any CPU.Build.0 = Debug|Any CPU
		{5573B696-BD81-46AB-9FE6-62CB8D5DA858}.Release|Any CPU.ActiveCfg = Release|Any CPU
		{5573B696-BD81-46AB-9FE6-62CB8D5DA858}.Release|Any CPU.Build.0 = Release|Any CPU
	EndGlobalSection
	GlobalSection(SolutionProperties) = preSolution
		HideSolutionNode = FALSE
	EndGlobalSection
	GlobalSection(ExtensibilityGlobals) = postSolution
		SolutionGuid = {4A48FB51-2442-4F43-8783-F314498EFDA0}
	EndGlobalSection
EndGlobal
