<?xml version="1.0" encoding="utf-8"?>
<Project ToolsVersion="4.0" xmlns="http://schemas.microsoft.com/developer/msbuild/2003">
  <ItemGroup>
    <Filter Include="Header Files">
      <UniqueIdentifier>{93995380-89BD-4b04-88EB-625FBE52EBFB}</UniqueIdentifier>
      <Extensions>h;hpp;hxx;hm;inl;inc;xsd</Extensions>
    </Filter>
    <Filter Include="Resource Files">
      <UniqueIdentifier>{67DA6AB6-F800-4c08-8B7A-83BB121AAD01}</UniqueIdentifier>
      <Extensions>rc;ico;cur;bmp;dlg;rc2;rct;bin;rgs;gif;jpg;jpeg;jpe;resx;tiff;tif;png;wav</Extensions>
    </Filter>
    <Filter Include="Source Files">
      <UniqueIdentifier>{4FC737F1-C7A5-4376-A066-2A32D752A2FF}</UniqueIdentifier>
      <Extensions>cpp;c;cc;cxx;def;odl;idl;hpj;bat;asm;asmx</Extensions>
    </Filter>
  </ItemGroup>
  <ItemGroup>
    <ClCompile Include="CustomProperties.cpp">
      <Filter>Source Files</Filter>
    </ClCompile>
    <ClCompile Include="NewControls.cpp">
      <Filter>Source Files</Filter>
    </ClCompile>
    <ClCompile Include="NewControlsPropSheet.cpp">
      <Filter>Source Files</Filter>
    </ClCompile>
    <ClCompile Include="Page1.cpp">
      <Filter>Source Files</Filter>
    </ClCompile>
    <ClCompile Include="Page2.cpp">
      <Filter>Source Files</Filter>
    </ClCompile>
    <ClCompile Include="Page3.cpp">
      <Filter>Source Files</Filter>
    </ClCompile>
    <ClCompile Include="Page4.cpp">
      <Filter>Source Files</Filter>
    </ClCompile>
    <ClCompile Include="Page5.cpp">
      <Filter>Source Files</Filter>
    </ClCompile>
    <ClCompile Include="Page6.cpp">
      <Filter>Source Files</Filter>
    </ClCompile>
    <ClCompile Include="stdafx.cpp">
      <Filter>Source Files</Filter>
    </ClCompile>
  </ItemGroup>
  <ItemGroup>
    <ClInclude Include="CustomProperties.h">
      <Filter>Header Files</Filter>
    </ClInclude>
    <ClInclude Include="NewControls.h">
      <Filter>Header Files</Filter>
    </ClInclude>
    <ClInclude Include="NewControlsPropSheet.h">
      <Filter>Header Files</Filter>
    </ClInclude>
    <ClInclude Include="Page1.h">
      <Filter>Header Files</Filter>
    </ClInclude>
    <ClInclude Include="Page2.h">
      <Filter>Header Files</Filter>
    </ClInclude>
    <ClInclude Include="Page3.h">
      <Filter>Header Files</Filter>
    </ClInclude>
    <ClInclude Include="Page4.h">
      <Filter>Header Files</Filter>
    </ClInclude>
    <ClInclude Include="Page5.h">
      <Filter>Header Files</Filter>
    </ClInclude>
    <ClInclude Include="Page6.h">
      <Filter>Header Files</Filter>
    </ClInclude>
    <ClInclude Include="Resource.h">
      <Filter>Header Files</Filter>
    </ClInclude>
    <ClInclude Include="stdafx.h">
      <Filter>Header Files</Filter>
    </ClInclude>
    <ClInclude Include="targetver.h">
      <Filter>Header Files</Filter>
    </ClInclude>
  </ItemGroup>
  <ItemGroup>
    <None Include="ReadMe.htm" />
    <None Include="res\back.bmp">
      <Filter>Resource Files</Filter>
    </None>
    <None Include="res\bitmap1.bmp">
      <Filter>Resource Files</Filter>
    </None>
    <None Include="res\Btn.cur">
      <Filter>Resource Files</Filter>
    </None>
    <None Include="res\btn1.bmp">
      <Filter>Resource Files</Filter>
    </None>
    <None Include="res\btn1_hot.bmp">
      <Filter>Resource Files</Filter>
    </None>
    <None Include="res\button32.bmp">
      <Filter>Resource Files</Filter>
    </None>
    <None Include="res\button32hot.bmp">
      <Filter>Resource Files</Filter>
    </None>
    <None Include="res\buttons.bmp">
      <Filter>Resource Files</Filter>
    </None>
    <None Include="res\check32.bmp">
      <Filter>Resource Files</Filter>
    </None>
    <None Include="res\checkno.bmp">
      <Filter>Resource Files</Filter>
    </None>
    <None Include="res\checkno32.bmp">
      <Filter>Resource Files</Filter>
    </None>
    <None Include="res\globe.bmp">
      <Filter>Resource Files</Filter>
    </None>
    <None Include="res\icons.bmp">
      <Filter>Resource Files</Filter>
    </None>
    <None Include="res\icons32.bmp">
      <Filter>Resource Files</Filter>
    </None>
    <None Include="res\image.bmp">
      <Filter>Resource Files</Filter>
    </None>
    <None Include="res\NewControls.ico">
      <Filter>Resource Files</Filter>
    </None>
    <None Include="res\NewControls.rc2">
      <Filter>Resource Files</Filter>
    </None>
    <None Include="res\play.bmp">
      <Filter>Resource Files</Filter>
    </None>
    <None Include="res\play_hot.bmp">
      <Filter>Resource Files</Filter>
    </None>
    <None Include="res\propicons.bmp">
      <Filter>Resource Files</Filter>
    </None>
    <None Include="res\radio_of.bmp">
      <Filter>Resource Files</Filter>
    </None>
    <None Include="res\radio_of32.bmp">
      <Filter>Resource Files</Filter>
    </None>
    <None Include="res\radio_on.bmp">
      <Filter>Resource Files</Filter>
    </None>
    <None Include="res\radio_on32.bmp">
      <Filter>Resource Files</Filter>
    </None>
    <None Include="res\stop.bmp">
      <Filter>Resource Files</Filter>
    </None>
    <None Include="res\stop_hot.bmp">
      <Filter>Resource Files</Filter>
    </None>
    <None Include="res\test_bit.bmp">
      <Filter>Resource Files</Filter>
    </None>
    <None Include="res\toolbar1.bmp">
      <Filter>Resource Files</Filter>
    </None>
  </ItemGroup>
  <ItemGroup>
    <ResourceCompile Include="NewControls.rc">
      <Filter>Resource Files</Filter>
    </ResourceCompile>
  </ItemGroup>
</Project>