
Microsoft Visual Studio Solution File, Format Version 12.00
# Visual Studio Version 17
VisualStudioVersion = 17.2.32616.157
MinimumVisualStudioVersion = 10.0.40219.1
Project("{9A19103F-16F7-4668-BE54-9A1E7A4F7556}") = "console-formatter-custom", "console-formatter-custom\console-formatter-custom.csproj", "{88C85579-02B5-4390-8D46-C8DE357ED069}"
EndProject
Project("{9A19103F-16F7-4668-BE54-9A1E7A4F7556}") = "console-formatter-custom-with-config", "console-formatter-custom-with-config\console-formatter-custom-with-config.csproj", "{84CA23D9-26F3-4092-89C4-E190CBDAA73B}"
EndProject
Project("{9A19103F-16F7-4668-BE54-9A1E7A4F7556}") = "console-formatter-json", "console-formatter-json\console-formatter-json.csproj", "{6AB3E830-961E-432C-ABBA-9A4A413F1E0B}"
EndProject
Project("{9A19103F-16F7-4668-BE54-9A1E7A4F7556}") = "console-formatter-simple", "console-formatter-simple\console-formatter-simple.csproj", "{083C961C-A45B-4721-A24A-7857592FF730}"
EndProject
Project("{9A19103F-16F7-4668-BE54-9A1E7A4F7556}") = "console-formatter-systemd", "console-formatter-systemd\console-formatter-systemd.csproj", "{55B4967D-4E68-4E6F-BEB4-0C61E676E683}"
EndProject
Project("{9A19103F-16F7-4668-BE54-9A1E7A4F7556}") = "worker-service-options", "worker-service-options\worker-service-options.csproj", "{2D23DB42-7FAF-452E-9AD2-36E925065270}"
EndProject
Project("{9A19103F-16F7-4668-BE54-9A1E7A4F7556}") = "logger-message-generator", "logger-message-generator\logger-message-generator.csproj", "{93C2255D-2CED-4C0A-8B2A-3191B0B85C7B}"
EndProject
Project("{9A19103F-16F7-4668-BE54-9A1E7A4F7556}") = "library-authors", "library-authors\library-authors.csproj", "{C0C79D16-5ECB-4B52-9303-15DCF6B0B639}"
EndProject
Project("{9A19103F-16F7-4668-BE54-9A1E7A4F7556}") = "getting-started", "getting-started\getting-started.csproj", "{AA405DF9-EA0A-4130-BD42-F662CFFFA0B1}"
EndProject
Project("{9A19103F-16F7-4668-BE54-9A1E7A4F7556}") = "getting-started-logger-message", "getting-started-logger-message\getting-started-logger-message.csproj", "{1179C5BB-3C2F-4253-9FCC-528DACF1D0D6}"
EndProject
Project("{9A19103F-16F7-4668-BE54-9A1E7A4F7556}") = "getting-started-type-category-name", "getting-started-type-category-name\getting-started-type-category-name.csproj", "{8CE47011-B4BB-4054-A48F-30CCF5AE5671}"
EndProject
Project("{9A19103F-16F7-4668-BE54-9A1E7A4F7556}") = "getting-started-open-telemetry", "getting-started-open-telemetry\getting-started-open-telemetry.csproj", "{D711C802-982D-4712-B70D-A3179C4313CC}"
EndProject
Project("{9A19103F-16F7-4668-BE54-9A1E7A4F7556}") = "aspnet-mvc", "aspnet-mvc\aspnet-mvc.csproj", "{D169B00F-66E9-4500-879D-487FE0E09F23}"
EndProject
Project("{9A19103F-16F7-4668-BE54-9A1E7A4F7556}") = "di-without-host", "di-without-host\di-without-host.csproj", "{5191561E-658B-485D-B006-760C65218FA5}"
EndProject
Project("{FAE04EC0-301F-11D3-BF4B-00C04F79EFBC}") = "minimal-web", "minimal-web\minimal-web.csproj", "{631A9547-C326-4BE6-A8C1-AB070AB0025D}"
EndProject
Global
	GlobalSection(SolutionConfigurationPlatforms) = preSolution
		Debug|Any CPU = Debug|Any CPU
		Release|Any CPU = Release|Any CPU
	EndGlobalSection
	GlobalSection(ProjectConfigurationPlatforms) = postSolution
		{88C85579-02B5-4390-8D46-C8DE357ED069}.Debug|Any CPU.ActiveCfg = Debug|Any CPU
		{88C85579-02B5-4390-8D46-C8DE357ED069}.Debug|Any CPU.Build.0 = Debug|Any CPU
		{88C85579-02B5-4390-8D46-C8DE357ED069}.Release|Any CPU.ActiveCfg = Release|Any CPU
		{88C85579-02B5-4390-8D46-C8DE357ED069}.Release|Any CPU.Build.0 = Release|Any CPU
		{84CA23D9-26F3-4092-89C4-E190CBDAA73B}.Debug|Any CPU.ActiveCfg = Debug|Any CPU
		{84CA23D9-26F3-4092-89C4-E190CBDAA73B}.Debug|Any CPU.Build.0 = Debug|Any CPU
		{84CA23D9-26F3-4092-89C4-E190CBDAA73B}.Release|Any CPU.ActiveCfg = Release|Any CPU
		{84CA23D9-26F3-4092-89C4-E190CBDAA73B}.Release|Any CPU.Build.0 = Release|Any CPU
		{6AB3E830-961E-432C-ABBA-9A4A413F1E0B}.Debug|Any CPU.ActiveCfg = Debug|Any CPU
		{6AB3E830-961E-432C-ABBA-9A4A413F1E0B}.Debug|Any CPU.Build.0 = Debug|Any CPU
		{6AB3E830-961E-432C-ABBA-9A4A413F1E0B}.Release|Any CPU.ActiveCfg = Release|Any CPU
		{6AB3E830-961E-432C-ABBA-9A4A413F1E0B}.Release|Any CPU.Build.0 = Release|Any CPU
		{083C961C-A45B-4721-A24A-7857592FF730}.Debug|Any CPU.ActiveCfg = Debug|Any CPU
		{083C961C-A45B-4721-A24A-7857592FF730}.Debug|Any CPU.Build.0 = Debug|Any CPU
		{083C961C-A45B-4721-A24A-7857592FF730}.Release|Any CPU.ActiveCfg = Release|Any CPU
		{083C961C-A45B-4721-A24A-7857592FF730}.Release|Any CPU.Build.0 = Release|Any CPU
		{55B4967D-4E68-4E6F-BEB4-0C61E676E683}.Debug|Any CPU.ActiveCfg = Debug|Any CPU
		{55B4967D-4E68-4E6F-BEB4-0C61E676E683}.Debug|Any CPU.Build.0 = Debug|Any CPU
		{55B4967D-4E68-4E6F-BEB4-0C61E676E683}.Release|Any CPU.ActiveCfg = Release|Any CPU
		{55B4967D-4E68-4E6F-BEB4-0C61E676E683}.Release|Any CPU.Build.0 = Release|Any CPU
		{2D23DB42-7FAF-452E-9AD2-36E925065270}.Debug|Any CPU.ActiveCfg = Debug|Any CPU
		{2D23DB42-7FAF-452E-9AD2-36E925065270}.Debug|Any CPU.Build.0 = Debug|Any CPU
		{2D23DB42-7FAF-452E-9AD2-36E925065270}.Release|Any CPU.ActiveCfg = Release|Any CPU
		{2D23DB42-7FAF-452E-9AD2-36E925065270}.Release|Any CPU.Build.0 = Release|Any CPU
		{93C2255D-2CED-4C0A-8B2A-3191B0B85C7B}.Debug|Any CPU.ActiveCfg = Debug|Any CPU
		{93C2255D-2CED-4C0A-8B2A-3191B0B85C7B}.Debug|Any CPU.Build.0 = Debug|Any CPU
		{93C2255D-2CED-4C0A-8B2A-3191B0B85C7B}.Release|Any CPU.ActiveCfg = Release|Any CPU
		{93C2255D-2CED-4C0A-8B2A-3191B0B85C7B}.Release|Any CPU.Build.0 = Release|Any CPU
		{C0C79D16-5ECB-4B52-9303-15DCF6B0B639}.Debug|Any CPU.ActiveCfg = Debug|Any CPU
		{C0C79D16-5ECB-4B52-9303-15DCF6B0B639}.Debug|Any CPU.Build.0 = Debug|Any CPU
		{C0C79D16-5ECB-4B52-9303-15DCF6B0B639}.Release|Any CPU.ActiveCfg = Release|Any CPU
		{C0C79D16-5ECB-4B52-9303-15DCF6B0B639}.Release|Any CPU.Build.0 = Release|Any CPU
		{AA405DF9-EA0A-4130-BD42-F662CFFFA0B1}.Debug|Any CPU.ActiveCfg = Debug|Any CPU
		{AA405DF9-EA0A-4130-BD42-F662CFFFA0B1}.Debug|Any CPU.Build.0 = Debug|Any CPU
		{AA405DF9-EA0A-4130-BD42-F662CFFFA0B1}.Release|Any CPU.ActiveCfg = Release|Any CPU
		{AA405DF9-EA0A-4130-BD42-F662CFFFA0B1}.Release|Any CPU.Build.0 = Release|Any CPU
		{1179C5BB-3C2F-4253-9FCC-528DACF1D0D6}.Debug|Any CPU.ActiveCfg = Debug|Any CPU
		{1179C5BB-3C2F-4253-9FCC-528DACF1D0D6}.Debug|Any CPU.Build.0 = Debug|Any CPU
		{1179C5BB-3C2F-4253-9FCC-528DACF1D0D6}.Release|Any CPU.ActiveCfg = Release|Any CPU
		{1179C5BB-3C2F-4253-9FCC-528DACF1D0D6}.Release|Any CPU.Build.0 = Release|Any CPU
		{8CE47011-B4BB-4054-A48F-30CCF5AE5671}.Debug|Any CPU.ActiveCfg = Debug|Any CPU
		{8CE47011-B4BB-4054-A48F-30CCF5AE5671}.Debug|Any CPU.Build.0 = Debug|Any CPU
		{8CE47011-B4BB-4054-A48F-30CCF5AE5671}.Release|Any CPU.ActiveCfg = Release|Any CPU
		{8CE47011-B4BB-4054-A48F-30CCF5AE5671}.Release|Any CPU.Build.0 = Release|Any CPU
		{D711C802-982D-4712-B70D-A3179C4313CC}.Debug|Any CPU.ActiveCfg = Debug|Any CPU
		{D711C802-982D-4712-B70D-A3179C4313CC}.Debug|Any CPU.Build.0 = Debug|Any CPU
		{D711C802-982D-4712-B70D-A3179C4313CC}.Release|Any CPU.ActiveCfg = Release|Any CPU
		{D711C802-982D-4712-B70D-A3179C4313CC}.Release|Any CPU.Build.0 = Release|Any CPU
		{D169B00F-66E9-4500-879D-487FE0E09F23}.Debug|Any CPU.ActiveCfg = Debug|Any CPU
		{D169B00F-66E9-4500-879D-487FE0E09F23}.Debug|Any CPU.Build.0 = Debug|Any CPU
		{D169B00F-66E9-4500-879D-487FE0E09F23}.Release|Any CPU.ActiveCfg = Release|Any CPU
		{D169B00F-66E9-4500-879D-487FE0E09F23}.Release|Any CPU.Build.0 = Release|Any CPU
		{5191561E-658B-485D-B006-760C65218FA5}.Debug|Any CPU.ActiveCfg = Debug|Any CPU
		{5191561E-658B-485D-B006-760C65218FA5}.Debug|Any CPU.Build.0 = Debug|Any CPU
		{5191561E-658B-485D-B006-760C65218FA5}.Release|Any CPU.ActiveCfg = Release|Any CPU
		{5191561E-658B-485D-B006-760C65218FA5}.Release|Any CPU.Build.0 = Release|Any CPU
		{631A9547-C326-4BE6-A8C1-AB070AB0025D}.Debug|Any CPU.ActiveCfg = Debug|Any CPU
		{631A9547-C326-4BE6-A8C1-AB070AB0025D}.Debug|Any CPU.Build.0 = Debug|Any CPU
		{631A9547-C326-4BE6-A8C1-AB070AB0025D}.Release|Any CPU.ActiveCfg = Release|Any CPU
		{631A9547-C326-4BE6-A8C1-AB070AB0025D}.Release|Any CPU.Build.0 = Release|Any CPU
	EndGlobalSection
	GlobalSection(SolutionProperties) = preSolution
		HideSolutionNode = FALSE
	EndGlobalSection
	GlobalSection(ExtensibilityGlobals) = postSolution
		SolutionGuid = {9F9DEFD0-1FD9-461E-9409-D4A6B653139E}
	EndGlobalSection
EndGlobal
