
Microsoft Visual Studio Solution File, Format Version 11.00
# Visual Studio 2010
Project("{2150E333-8FDC-42A3-9474-1A3956D46DE8}") = "Solution Items", "Solution Items", "{3D659CEE-C162-4A7C-ABC6-EED556E9B741}"
	ProjectSection(SolutionItems) = preProject
		Astoria1.vsmdi = Astoria1.vsmdi
		LocalTestRun.testrunconfig = LocalTestRun.testrunconfig
	EndProjectSection
EndProject
Project("{FAE04EC0-301F-11D3-BF4B-00C04F79EFBC}") = "NorthwindDataServiceCS", "CS\NorthwindDataServiceCS.csproj", "{98D3AD65-3885-4104-B856-B481EDCA1E0F}"
EndProject
Project("{FAE04EC0-301F-11D3-BF4B-00C04F79EFBC}") = "NorthwindClientCS", "..\Astoria Northwind Client\CS\NorthwindClientCS.csproj", "{E12CD45C-7CA8-4130-9309-B1A465FC16CF}"
EndProject
Project("{F184B08F-C81C-45F6-A57F-5ABD9991F28F}") = "NorthwindDataServiceVB", "VB\NorthwindDataServiceVB.vbproj", "{F4B76D1A-0917-4237-B267-878A10DB1325}"
EndProject
Project("{F184B08F-C81C-45F6-A57F-5ABD9991F28F}") = "NorthwindClientVB", "..\Astoria Northwind Client\VB\NorthwindClientVB.vbproj", "{9FB79FAA-1BB3-426F-82F0-074D45E67B21}"
EndProject
Project("{FAE04EC0-301F-11D3-BF4B-00C04F79EFBC}") = "AstoriaSnippetsVB", "AstoriaSnippetsVB\AstoriaSnippetsVB.csproj", "{16FFFE3E-F660-415A-A7C0-BAA65580B2DD}"
EndProject
Project("{FAE04EC0-301F-11D3-BF4B-00C04F79EFBC}") = "AstoriaSnippetsCS", "AstoriaSnippetsCS\AstoriaSnippetsCS.csproj", "{738FF72F-820D-41D8-A3CB-8B178E676009}"
EndProject
Global
	GlobalSection(TestCaseManagementSettings) = postSolution
		CategoryFile = Astoria1.vsmdi
	EndGlobalSection
	GlobalSection(SolutionConfigurationPlatforms) = preSolution
		Debug|Any CPU = Debug|Any CPU
		Debug|Mixed Platforms = Debug|Mixed Platforms
		Debug|x86 = Debug|x86
		Release|Any CPU = Release|Any CPU
		Release|Mixed Platforms = Release|Mixed Platforms
		Release|x86 = Release|x86
	EndGlobalSection
	GlobalSection(ProjectConfigurationPlatforms) = postSolution
		{98D3AD65-3885-4104-B856-B481EDCA1E0F}.Debug|Any CPU.ActiveCfg = Debug|Any CPU
		{98D3AD65-3885-4104-B856-B481EDCA1E0F}.Debug|Any CPU.Build.0 = Debug|Any CPU
		{98D3AD65-3885-4104-B856-B481EDCA1E0F}.Debug|Mixed Platforms.ActiveCfg = Debug|Any CPU
		{98D3AD65-3885-4104-B856-B481EDCA1E0F}.Debug|Mixed Platforms.Build.0 = Debug|Any CPU
		{98D3AD65-3885-4104-B856-B481EDCA1E0F}.Debug|x86.ActiveCfg = Debug|Any CPU
		{98D3AD65-3885-4104-B856-B481EDCA1E0F}.Release|Any CPU.ActiveCfg = Release|Any CPU
		{98D3AD65-3885-4104-B856-B481EDCA1E0F}.Release|Any CPU.Build.0 = Release|Any CPU
		{98D3AD65-3885-4104-B856-B481EDCA1E0F}.Release|Mixed Platforms.ActiveCfg = Release|Any CPU
		{98D3AD65-3885-4104-B856-B481EDCA1E0F}.Release|Mixed Platforms.Build.0 = Release|Any CPU
		{98D3AD65-3885-4104-B856-B481EDCA1E0F}.Release|x86.ActiveCfg = Release|Any CPU
		{E12CD45C-7CA8-4130-9309-B1A465FC16CF}.Debug|Any CPU.ActiveCfg = Debug|Any CPU
		{E12CD45C-7CA8-4130-9309-B1A465FC16CF}.Debug|Any CPU.Build.0 = Debug|Any CPU
		{E12CD45C-7CA8-4130-9309-B1A465FC16CF}.Debug|Mixed Platforms.ActiveCfg = Debug|Any CPU
		{E12CD45C-7CA8-4130-9309-B1A465FC16CF}.Debug|Mixed Platforms.Build.0 = Debug|Any CPU
		{E12CD45C-7CA8-4130-9309-B1A465FC16CF}.Debug|x86.ActiveCfg = Debug|Any CPU
		{E12CD45C-7CA8-4130-9309-B1A465FC16CF}.Release|Any CPU.ActiveCfg = Release|Any CPU
		{E12CD45C-7CA8-4130-9309-B1A465FC16CF}.Release|Any CPU.Build.0 = Release|Any CPU
		{E12CD45C-7CA8-4130-9309-B1A465FC16CF}.Release|Mixed Platforms.ActiveCfg = Release|Any CPU
		{E12CD45C-7CA8-4130-9309-B1A465FC16CF}.Release|Mixed Platforms.Build.0 = Release|Any CPU
		{E12CD45C-7CA8-4130-9309-B1A465FC16CF}.Release|x86.ActiveCfg = Release|Any CPU
		{F4B76D1A-0917-4237-B267-878A10DB1325}.Debug|Any CPU.ActiveCfg = Debug|Any CPU
		{F4B76D1A-0917-4237-B267-878A10DB1325}.Debug|Any CPU.Build.0 = Debug|Any CPU
		{F4B76D1A-0917-4237-B267-878A10DB1325}.Debug|Mixed Platforms.ActiveCfg = Debug|Any CPU
		{F4B76D1A-0917-4237-B267-878A10DB1325}.Debug|Mixed Platforms.Build.0 = Debug|Any CPU
		{F4B76D1A-0917-4237-B267-878A10DB1325}.Debug|x86.ActiveCfg = Debug|Any CPU
		{F4B76D1A-0917-4237-B267-878A10DB1325}.Release|Any CPU.ActiveCfg = Release|Any CPU
		{F4B76D1A-0917-4237-B267-878A10DB1325}.Release|Any CPU.Build.0 = Release|Any CPU
		{F4B76D1A-0917-4237-B267-878A10DB1325}.Release|Mixed Platforms.ActiveCfg = Release|Any CPU
		{F4B76D1A-0917-4237-B267-878A10DB1325}.Release|Mixed Platforms.Build.0 = Release|Any CPU
		{F4B76D1A-0917-4237-B267-878A10DB1325}.Release|x86.ActiveCfg = Release|Any CPU
		{9FB79FAA-1BB3-426F-82F0-074D45E67B21}.Debug|Any CPU.ActiveCfg = Debug|Any CPU
		{9FB79FAA-1BB3-426F-82F0-074D45E67B21}.Debug|Any CPU.Build.0 = Debug|Any CPU
		{9FB79FAA-1BB3-426F-82F0-074D45E67B21}.Debug|Mixed Platforms.ActiveCfg = Debug|Any CPU
		{9FB79FAA-1BB3-426F-82F0-074D45E67B21}.Debug|Mixed Platforms.Build.0 = Debug|Any CPU
		{9FB79FAA-1BB3-426F-82F0-074D45E67B21}.Debug|x86.ActiveCfg = Debug|Any CPU
		{9FB79FAA-1BB3-426F-82F0-074D45E67B21}.Release|Any CPU.ActiveCfg = Release|Any CPU
		{9FB79FAA-1BB3-426F-82F0-074D45E67B21}.Release|Any CPU.Build.0 = Release|Any CPU
		{9FB79FAA-1BB3-426F-82F0-074D45E67B21}.Release|Mixed Platforms.ActiveCfg = Release|Any CPU
		{9FB79FAA-1BB3-426F-82F0-074D45E67B21}.Release|Mixed Platforms.Build.0 = Release|Any CPU
		{9FB79FAA-1BB3-426F-82F0-074D45E67B21}.Release|x86.ActiveCfg = Release|Any CPU
		{16FFFE3E-F660-415A-A7C0-BAA65580B2DD}.Debug|Any CPU.ActiveCfg = Debug|Any CPU
		{16FFFE3E-F660-415A-A7C0-BAA65580B2DD}.Debug|Any CPU.Build.0 = Debug|Any CPU
		{16FFFE3E-F660-415A-A7C0-BAA65580B2DD}.Debug|Mixed Platforms.ActiveCfg = Debug|Any CPU
		{16FFFE3E-F660-415A-A7C0-BAA65580B2DD}.Debug|Mixed Platforms.Build.0 = Debug|Any CPU
		{16FFFE3E-F660-415A-A7C0-BAA65580B2DD}.Debug|x86.ActiveCfg = Debug|Any CPU
		{16FFFE3E-F660-415A-A7C0-BAA65580B2DD}.Release|Any CPU.ActiveCfg = Release|Any CPU
		{16FFFE3E-F660-415A-A7C0-BAA65580B2DD}.Release|Any CPU.Build.0 = Release|Any CPU
		{16FFFE3E-F660-415A-A7C0-BAA65580B2DD}.Release|Mixed Platforms.ActiveCfg = Release|Any CPU
		{16FFFE3E-F660-415A-A7C0-BAA65580B2DD}.Release|Mixed Platforms.Build.0 = Release|Any CPU
		{16FFFE3E-F660-415A-A7C0-BAA65580B2DD}.Release|x86.ActiveCfg = Release|Any CPU
		{738FF72F-820D-41D8-A3CB-8B178E676009}.Debug|Any CPU.ActiveCfg = Debug|Any CPU
		{738FF72F-820D-41D8-A3CB-8B178E676009}.Debug|Any CPU.Build.0 = Debug|Any CPU
		{738FF72F-820D-41D8-A3CB-8B178E676009}.Debug|Mixed Platforms.ActiveCfg = Debug|Any CPU
		{738FF72F-820D-41D8-A3CB-8B178E676009}.Debug|Mixed Platforms.Build.0 = Debug|Any CPU
		{738FF72F-820D-41D8-A3CB-8B178E676009}.Debug|x86.ActiveCfg = Debug|Any CPU
		{738FF72F-820D-41D8-A3CB-8B178E676009}.Release|Any CPU.ActiveCfg = Release|Any CPU
		{738FF72F-820D-41D8-A3CB-8B178E676009}.Release|Any CPU.Build.0 = Release|Any CPU
		{738FF72F-820D-41D8-A3CB-8B178E676009}.Release|Mixed Platforms.ActiveCfg = Release|Any CPU
		{738FF72F-820D-41D8-A3CB-8B178E676009}.Release|Mixed Platforms.Build.0 = Release|Any CPU
		{738FF72F-820D-41D8-A3CB-8B178E676009}.Release|x86.ActiveCfg = Release|Any CPU
	EndGlobalSection
	GlobalSection(SolutionProperties) = preSolution
		HideSolutionNode = FALSE
	EndGlobalSection
EndGlobal
