
Microsoft Visual Studio Solution File, Format Version 11.00
# Visual Studio 10
Project("{FAE04EC0-301F-11D3-BF4B-00C04F79EFBC}") = "AltnerationIndexSnippets", "AltnerationIndexSnippets.csproj", "{21E59703-ECB4-4930-AD38-0310123ED5BC}"
EndProject
Global
	GlobalSection(SolutionConfigurationPlatforms) = preSolution
		Debug|Any CPU = Debug|Any CPU
		Release|Any CPU = Release|Any CPU
	EndGlobalSection
	GlobalSection(ProjectConfigurationPlatforms) = postSolution
		{21E59703-ECB4-4930-AD38-0310123ED5BC}.Debug|Any CPU.ActiveCfg = Debug|Any CPU
		{21E59703-ECB4-4930-AD38-0310123ED5BC}.Debug|Any CPU.Build.0 = Debug|Any CPU
		{21E59703-ECB4-4930-AD38-0310123ED5BC}.Release|Any CPU.ActiveCfg = Release|Any CPU
		{21E59703-ECB4-4930-AD38-0310123ED5BC}.Release|Any CPU.Build.0 = Release|Any CPU
	EndGlobalSection
	GlobalSection(SolutionProperties) = preSolution
		HideSolutionNode = FALSE
	EndGlobalSection
EndGlobal
