
Microsoft Visual Studio Solution File, Format Version 11.00
# Visual Studio 10
Project("{FAE04EC0-301F-11D3-BF4B-00C04F79EFBC}") = "Host", "Host\Host.csproj", "{6624317E-A5FA-47AB-A634-5EC4E5F10E69}"
EndProject
Project("{FAE04EC0-301F-11D3-BF4B-00C04F79EFBC}") = "HostViews", "HostViews\HostViews.csproj", "{F76C568A-2D37-47B2-AAC0-A384D72F7E78}"
EndProject
Project("{FAE04EC0-301F-11D3-BF4B-00C04F79EFBC}") = "Contracts", "Contracts\Contracts.csproj", "{E808F287-31D1-4F2B-8EA9-3F027BF8C51B}"
EndProject
Project("{FAE04EC0-301F-11D3-BF4B-00C04F79EFBC}") = "AddInViews", "AddInViews\AddInViews.csproj", "{75CCA4C0-CDCC-4779-9617-3817BE939F60}"
EndProject
Project("{FAE04EC0-301F-11D3-BF4B-00C04F79EFBC}") = "AddInSideAdapters", "AddInSideAdapters\AddInSideAdapters.csproj", "{D6B2D9E4-FFA9-4D82-B973-BB6792FDDDBB}"
EndProject
Project("{FAE04EC0-301F-11D3-BF4B-00C04F79EFBC}") = "HostSideAdapters", "HostSideAdapters\HostSideAdapters.csproj", "{04C538AD-419B-4733-8F53-6DB2C4D3E010}"
EndProject
Project("{FAE04EC0-301F-11D3-BF4B-00C04F79EFBC}") = "WPFAddIn1", "WPFAddIn1\WPFAddIn1.csproj", "{68E9A1C9-DDA7-4079-9EBB-F14FE03446B4}"
EndProject
Global
	GlobalSection(SolutionConfigurationPlatforms) = preSolution
		Debug|Any CPU = Debug|Any CPU
		Release|Any CPU = Release|Any CPU
	EndGlobalSection
	GlobalSection(ProjectConfigurationPlatforms) = postSolution
		{6624317E-A5FA-47AB-A634-5EC4E5F10E69}.Debug|Any CPU.ActiveCfg = Debug|Any CPU
		{6624317E-A5FA-47AB-A634-5EC4E5F10E69}.Debug|Any CPU.Build.0 = Debug|Any CPU
		{6624317E-A5FA-47AB-A634-5EC4E5F10E69}.Release|Any CPU.ActiveCfg = Release|Any CPU
		{6624317E-A5FA-47AB-A634-5EC4E5F10E69}.Release|Any CPU.Build.0 = Release|Any CPU
		{F76C568A-2D37-47B2-AAC0-A384D72F7E78}.Debug|Any CPU.ActiveCfg = Debug|Any CPU
		{F76C568A-2D37-47B2-AAC0-A384D72F7E78}.Debug|Any CPU.Build.0 = Debug|Any CPU
		{F76C568A-2D37-47B2-AAC0-A384D72F7E78}.Release|Any CPU.ActiveCfg = Release|Any CPU
		{F76C568A-2D37-47B2-AAC0-A384D72F7E78}.Release|Any CPU.Build.0 = Release|Any CPU
		{E808F287-31D1-4F2B-8EA9-3F027BF8C51B}.Debug|Any CPU.ActiveCfg = Debug|Any CPU
		{E808F287-31D1-4F2B-8EA9-3F027BF8C51B}.Debug|Any CPU.Build.0 = Debug|Any CPU
		{E808F287-31D1-4F2B-8EA9-3F027BF8C51B}.Release|Any CPU.ActiveCfg = Release|Any CPU
		{E808F287-31D1-4F2B-8EA9-3F027BF8C51B}.Release|Any CPU.Build.0 = Release|Any CPU
		{75CCA4C0-CDCC-4779-9617-3817BE939F60}.Debug|Any CPU.ActiveCfg = Debug|Any CPU
		{75CCA4C0-CDCC-4779-9617-3817BE939F60}.Debug|Any CPU.Build.0 = Debug|Any CPU
		{75CCA4C0-CDCC-4779-9617-3817BE939F60}.Release|Any CPU.ActiveCfg = Release|Any CPU
		{75CCA4C0-CDCC-4779-9617-3817BE939F60}.Release|Any CPU.Build.0 = Release|Any CPU
		{D6B2D9E4-FFA9-4D82-B973-BB6792FDDDBB}.Debug|Any CPU.ActiveCfg = Debug|Any CPU
		{D6B2D9E4-FFA9-4D82-B973-BB6792FDDDBB}.Debug|Any CPU.Build.0 = Debug|Any CPU
		{D6B2D9E4-FFA9-4D82-B973-BB6792FDDDBB}.Release|Any CPU.ActiveCfg = Release|Any CPU
		{D6B2D9E4-FFA9-4D82-B973-BB6792FDDDBB}.Release|Any CPU.Build.0 = Release|Any CPU
		{04C538AD-419B-4733-8F53-6DB2C4D3E010}.Debug|Any CPU.ActiveCfg = Debug|Any CPU
		{04C538AD-419B-4733-8F53-6DB2C4D3E010}.Debug|Any CPU.Build.0 = Debug|Any CPU
		{04C538AD-419B-4733-8F53-6DB2C4D3E010}.Release|Any CPU.ActiveCfg = Release|Any CPU
		{04C538AD-419B-4733-8F53-6DB2C4D3E010}.Release|Any CPU.Build.0 = Release|Any CPU
		{68E9A1C9-DDA7-4079-9EBB-F14FE03446B4}.Debug|Any CPU.ActiveCfg = Debug|Any CPU
		{68E9A1C9-DDA7-4079-9EBB-F14FE03446B4}.Debug|Any CPU.Build.0 = Debug|Any CPU
		{68E9A1C9-DDA7-4079-9EBB-F14FE03446B4}.Release|Any CPU.ActiveCfg = Release|Any CPU
		{68E9A1C9-DDA7-4079-9EBB-F14FE03446B4}.Release|Any CPU.Build.0 = Release|Any CPU
	EndGlobalSection
	GlobalSection(SolutionProperties) = preSolution
		HideSolutionNode = FALSE
	EndGlobalSection
EndGlobal
