
Microsoft Visual Studio Solution File, Format Version 12.00
# Visual Studio 15
VisualStudioVersion = 15.0.26730.3
MinimumVisualStudioVersion = 10.0.40219.1
Project("{9A19103F-16F7-4668-BE54-9A1E7A4F7556}") = "unit-testing-best-practices-before", "before\unit-testing-best-practices-before.csproj", "{02DF0374-F085-450D-A101-B331D7FD4F8A}"
EndProject
Project("{9A19103F-16F7-4668-BE54-9A1E7A4F7556}") = "unit-testing-best-practices-after", "after\unit-testing-best-practices-after.csproj", "{D2D57ADA-A913-4CED-9722-6195BC1B7189}"
EndProject
Global
	GlobalSection(SolutionConfigurationPlatforms) = preSolution
		Debug|Any CPU = Debug|Any CPU
		Release|Any CPU = Release|Any CPU
	EndGlobalSection
	GlobalSection(ProjectConfigurationPlatforms) = postSolution
		{02DF0374-F085-450D-A101-B331D7FD4F8A}.Debug|Any CPU.ActiveCfg = Debug|Any CPU
		{02DF0374-F085-450D-A101-B331D7FD4F8A}.Debug|Any CPU.Build.0 = Debug|Any CPU
		{02DF0374-F085-450D-A101-B331D7FD4F8A}.Release|Any CPU.ActiveCfg = Release|Any CPU
		{02DF0374-F085-450D-A101-B331D7FD4F8A}.Release|Any CPU.Build.0 = Release|Any CPU
		{D2D57ADA-A913-4CED-9722-6195BC1B7189}.Debug|Any CPU.ActiveCfg = Debug|Any CPU
		{D2D57ADA-A913-4CED-9722-6195BC1B7189}.Debug|Any CPU.Build.0 = Debug|Any CPU
		{D2D57ADA-A913-4CED-9722-6195BC1B7189}.Release|Any CPU.ActiveCfg = Release|Any CPU
		{D2D57ADA-A913-4CED-9722-6195BC1B7189}.Release|Any CPU.Build.0 = Release|Any CPU
	EndGlobalSection
	GlobalSection(SolutionProperties) = preSolution
		HideSolutionNode = FALSE
	EndGlobalSection
	GlobalSection(ExtensibilityGlobals) = postSolution
		SolutionGuid = {0B165E7B-D55A-4804-B23B-79953ACD3653}
	EndGlobalSection
EndGlobal
