
Microsoft Visual Studio Solution File, Format Version 9.00
Project("{FAE04EC0-301F-11D3-BF4B-00C04F79EFBC}") = "CS", "CS.csproj", "{75777A43-D588-452D-A43A-EE18B70ABF0C}"
EndProject
Global
	GlobalSection(SolutionConfigurationPlatforms) = preSolution
		Debug|Any CPU = Debug|Any CPU
		Release|Any CPU = Release|Any CPU
	EndGlobalSection
	GlobalSection(ProjectConfigurationPlatforms) = postSolution
		{75777A43-D588-452D-A43A-EE18B70ABF0C}.Debug|Any CPU.ActiveCfg = Debug|Any CPU
		{75777A43-D588-452D-A43A-EE18B70ABF0C}.Debug|Any CPU.Build.0 = Debug|Any CPU
		{75777A43-D588-452D-A43A-EE18B70ABF0C}.Release|Any CPU.ActiveCfg = Release|Any CPU
		{75777A43-D588-452D-A43A-EE18B70ABF0C}.Release|Any CPU.Build.0 = Release|Any CPU
	EndGlobalSection
	GlobalSection(SolutionProperties) = preSolution
		HideSolutionNode = FALSE
	EndGlobalSection
EndGlobal
