
Microsoft Visual Studio Solution File, Format Version 12.00
# Visual Studio 15
VisualStudioVersion = 15.0.25807.0
MinimumVisualStudioVersion = 10.0.40219.1
Project("{FAE04EC0-301F-11D3-BF4B-00C04F79EFBC}") = "new-in-7", "new-in-7\new-in-7.csproj", "{63DBE099-DB24-4607-A930-FFEE506CE84C}"
EndProject
Global
	GlobalSection(SolutionConfigurationPlatforms) = preSolution
		Debug|Any CPU = Debug|Any CPU
		Release|Any CPU = Release|Any CPU
	EndGlobalSection
	GlobalSection(ProjectConfigurationPlatforms) = postSolution
		{63DBE099-DB24-4607-A930-FFEE506CE84C}.Debug|Any CPU.ActiveCfg = Debug|Any CPU
		{63DBE099-DB24-4607-A930-FFEE506CE84C}.Debug|Any CPU.Build.0 = Debug|Any CPU
		{63DBE099-DB24-4607-A930-FFEE506CE84C}.Release|Any CPU.ActiveCfg = Release|Any CPU
		{63DBE099-DB24-4607-A930-FFEE506CE84C}.Release|Any CPU.Build.0 = Release|Any CPU
	EndGlobalSection
	GlobalSection(SolutionProperties) = preSolution
		HideSolutionNode = FALSE
	EndGlobalSection
EndGlobal
