
Microsoft Visual Studio Solution File, Format Version 11.00
# Visual Studio 2010
Project("{FAE04EC0-301F-11D3-BF4B-00C04F79EFBC}") = "Pick", "Pick.csproj", "{CEF16BE3-D457-40EF-B584-619CCE833DAA}"
EndProject
Global
	GlobalSection(SolutionConfigurationPlatforms) = preSolution
		Debug|Any CPU = Debug|Any CPU
		Release|Any CPU = Release|Any CPU
	EndGlobalSection
	GlobalSection(ProjectConfigurationPlatforms) = postSolution
		{CEF16BE3-D457-40EF-B584-619CCE833DAA}.Debug|Any CPU.ActiveCfg = Debug|Any CPU
		{CEF16BE3-D457-40EF-B584-619CCE833DAA}.Debug|Any CPU.Build.0 = Debug|Any CPU
		{CEF16BE3-D457-40EF-B584-619CCE833DAA}.Release|Any CPU.ActiveCfg = Release|Any CPU
		{CEF16BE3-D457-40EF-B584-619CCE833DAA}.Release|Any CPU.Build.0 = Release|Any CPU
	EndGlobalSection
	GlobalSection(SolutionProperties) = preSolution
		HideSolutionNode = FALSE
	EndGlobalSection
EndGlobal
