
Microsoft Visual Studio Solution File, Format Version 11.00
# Visual Studio 2010
Project("{F184B08F-C81C-45F6-A57F-5ABD9991F28F}") = "ContentStringSnippets", "ContentStringSnippets.vbproj", "{ABEE88DC-8923-443A-9580-B34499F30CCD}"
EndProject
Global
	GlobalSection(SolutionConfigurationPlatforms) = preSolution
		Debug|Any CPU = Debug|Any CPU
		Release|Any CPU = Release|Any CPU
	EndGlobalSection
	GlobalSection(ProjectConfigurationPlatforms) = postSolution
		{ABEE88DC-8923-443A-9580-B34499F30CCD}.Debug|Any CPU.ActiveCfg = Debug|Any CPU
		{ABEE88DC-8923-443A-9580-B34499F30CCD}.Debug|Any CPU.Build.0 = Debug|Any CPU
		{ABEE88DC-8923-443A-9580-B34499F30CCD}.Release|Any CPU.ActiveCfg = Release|Any CPU
		{ABEE88DC-8923-443A-9580-B34499F30CCD}.Release|Any CPU.Build.0 = Release|Any CPU
	EndGlobalSection
	GlobalSection(SolutionProperties) = preSolution
		HideSolutionNode = FALSE
	EndGlobalSection
EndGlobal
