
Microsoft Visual Studio Solution File, Format Version 12.00
# Visual Studio Version 16
VisualStudioVersion = 16.6.30114.105
MinimumVisualStudioVersion = 10.0.40219.1
Project("{FAE04EC0-301F-11D3-BF4B-00C04F79EFBC}") = "PrimeService", "PrimeService\PrimeService.csproj", "{F8B8C6CD-C8E1-4927-AC7B-865925B6F6FD}"
EndProject
Project("{FAE04EC0-301F-11D3-BF4B-00C04F79EFBC}") = "PrimeService.Tests", "PrimeService.Tests\PrimeService.Tests.csproj", "{A965B579-FEA6-4253-8D30-EEA46F655DD9}"
EndProject
Global
	GlobalSection(SolutionConfigurationPlatforms) = preSolution
		Debug|Any CPU = Debug|Any CPU
		Debug|x64 = Debug|x64
		Debug|x86 = Debug|x86
		Release|Any CPU = Release|Any CPU
		Release|x64 = Release|x64
		Release|x86 = Release|x86
	EndGlobalSection
	GlobalSection(SolutionProperties) = preSolution
		HideSolutionNode = FALSE
	EndGlobalSection
	GlobalSection(ProjectConfigurationPlatforms) = postSolution
		{F8B8C6CD-C8E1-4927-AC7B-865925B6F6FD}.Debug|Any CPU.ActiveCfg = Debug|Any CPU
		{F8B8C6CD-C8E1-4927-AC7B-865925B6F6FD}.Debug|Any CPU.Build.0 = Debug|Any CPU
		{F8B8C6CD-C8E1-4927-AC7B-865925B6F6FD}.Debug|x64.ActiveCfg = Debug|Any CPU
		{F8B8C6CD-C8E1-4927-AC7B-865925B6F6FD}.Debug|x64.Build.0 = Debug|Any CPU
		{F8B8C6CD-C8E1-4927-AC7B-865925B6F6FD}.Debug|x86.ActiveCfg = Debug|Any CPU
		{F8B8C6CD-C8E1-4927-AC7B-865925B6F6FD}.Debug|x86.Build.0 = Debug|Any CPU
		{F8B8C6CD-C8E1-4927-AC7B-865925B6F6FD}.Release|Any CPU.ActiveCfg = Release|Any CPU
		{F8B8C6CD-C8E1-4927-AC7B-865925B6F6FD}.Release|Any CPU.Build.0 = Release|Any CPU
		{F8B8C6CD-C8E1-4927-AC7B-865925B6F6FD}.Release|x64.ActiveCfg = Release|Any CPU
		{F8B8C6CD-C8E1-4927-AC7B-865925B6F6FD}.Release|x64.Build.0 = Release|Any CPU
		{F8B8C6CD-C8E1-4927-AC7B-865925B6F6FD}.Release|x86.ActiveCfg = Release|Any CPU
		{F8B8C6CD-C8E1-4927-AC7B-865925B6F6FD}.Release|x86.Build.0 = Release|Any CPU
		{A965B579-FEA6-4253-8D30-EEA46F655DD9}.Debug|Any CPU.ActiveCfg = Debug|Any CPU
		{A965B579-FEA6-4253-8D30-EEA46F655DD9}.Debug|Any CPU.Build.0 = Debug|Any CPU
		{A965B579-FEA6-4253-8D30-EEA46F655DD9}.Debug|x64.ActiveCfg = Debug|Any CPU
		{A965B579-FEA6-4253-8D30-EEA46F655DD9}.Debug|x64.Build.0 = Debug|Any CPU
		{A965B579-FEA6-4253-8D30-EEA46F655DD9}.Debug|x86.ActiveCfg = Debug|Any CPU
		{A965B579-FEA6-4253-8D30-EEA46F655DD9}.Debug|x86.Build.0 = Debug|Any CPU
		{A965B579-FEA6-4253-8D30-EEA46F655DD9}.Release|Any CPU.ActiveCfg = Release|Any CPU
		{A965B579-FEA6-4253-8D30-EEA46F655DD9}.Release|Any CPU.Build.0 = Release|Any CPU
		{A965B579-FEA6-4253-8D30-EEA46F655DD9}.Release|x64.ActiveCfg = Release|Any CPU
		{A965B579-FEA6-4253-8D30-EEA46F655DD9}.Release|x64.Build.0 = Release|Any CPU
		{A965B579-FEA6-4253-8D30-EEA46F655DD9}.Release|x86.ActiveCfg = Release|Any CPU
		{A965B579-FEA6-4253-8D30-EEA46F655DD9}.Release|x86.Build.0 = Release|Any CPU
	EndGlobalSection
EndGlobal
