
Microsoft Visual Studio Solution File, Format Version 12.00
# Visual Studio 15
VisualStudioVersion = 15.0.26124.0
MinimumVisualStudioVersion = 15.0.26124.0
Project("{FAE04EC0-301F-11D3-BF4B-00C04F79EFBC}") = "CustomControlLibrary", "CustomControlLibrary\CustomControlLibrary.csproj", "{BB86B120-F528-435C-9A2D-00382B3B8AB8}"
EndProject
Project("{FAE04EC0-301F-11D3-BF4B-00C04F79EFBC}") = "CustomControlProj", "CustomControlProj\CustomControlProj.csproj", "{2E5F9D07-6769-4C42-B68F-258CA29BAE01}"
EndProject
Global
	GlobalSection(SolutionConfigurationPlatforms) = preSolution
		Debug|Any CPU = Debug|Any CPU
		Release|Any CPU = Release|Any CPU
	EndGlobalSection
	GlobalSection(SolutionProperties) = preSolution
		HideSolutionNode = FALSE
	EndGlobalSection
	GlobalSection(ProjectConfigurationPlatforms) = postSolution
		{BB86B120-F528-435C-9A2D-00382B3B8AB8}.Debug|Any CPU.ActiveCfg = Debug|Any CPU
		{BB86B120-F528-435C-9A2D-00382B3B8AB8}.Debug|Any CPU.Build.0 = Debug|Any CPU
		{BB86B120-F528-435C-9A2D-00382B3B8AB8}.Release|Any CPU.ActiveCfg = Release|Any CPU
		{BB86B120-F528-435C-9A2D-00382B3B8AB8}.Release|Any CPU.Build.0 = Release|Any CPU
		{2E5F9D07-6769-4C42-B68F-258CA29BAE01}.Debug|Any CPU.ActiveCfg = Debug|Any CPU
		{2E5F9D07-6769-4C42-B68F-258CA29BAE01}.Debug|Any CPU.Build.0 = Debug|Any CPU
		{2E5F9D07-6769-4C42-B68F-258CA29BAE01}.Release|Any CPU.ActiveCfg = Release|Any CPU
		{2E5F9D07-6769-4C42-B68F-258CA29BAE01}.Release|Any CPU.Build.0 = Release|Any CPU
	EndGlobalSection
EndGlobal
