
Microsoft Visual Studio Solution File, Format Version 10.00
# Visual Studio 2008
Project("{FAE04EC0-301F-11D3-BF4B-00C04F79EFBC}") = "CustomControlLibrary", "CustomControlLibrary\CustomControlLibrary.csproj", "{B121EE82-615D-48FC-8FEE-DA96A7F695B8}"
EndProject
Project("{FAE04EC0-301F-11D3-BF4B-00C04F79EFBC}") = "CustomControlProj", "CustomControlProj\CustomControlProj.csproj", "{22849379-DEF7-410A-AC23-41596B2B3981}"
EndProject
Global
	GlobalSection(SolutionConfigurationPlatforms) = preSolution
		Debug|Any CPU = Debug|Any CPU
		Release|Any CPU = Release|Any CPU
	EndGlobalSection
	GlobalSection(ProjectConfigurationPlatforms) = postSolution
		{B121EE82-615D-48FC-8FEE-DA96A7F695B8}.Debug|Any CPU.ActiveCfg = Debug|Any CPU
		{B121EE82-615D-48FC-8FEE-DA96A7F695B8}.Debug|Any CPU.Build.0 = Debug|Any CPU
		{B121EE82-615D-48FC-8FEE-DA96A7F695B8}.Release|Any CPU.ActiveCfg = Release|Any CPU
		{B121EE82-615D-48FC-8FEE-DA96A7F695B8}.Release|Any CPU.Build.0 = Release|Any CPU
		{22849379-DEF7-410A-AC23-41596B2B3981}.Debug|Any CPU.ActiveCfg = Debug|Any CPU
		{22849379-DEF7-410A-AC23-41596B2B3981}.Debug|Any CPU.Build.0 = Debug|Any CPU
		{22849379-DEF7-410A-AC23-41596B2B3981}.Release|Any CPU.ActiveCfg = Release|Any CPU
		{22849379-DEF7-410A-AC23-41596B2B3981}.Release|Any CPU.Build.0 = Release|Any CPU
	EndGlobalSection
	GlobalSection(SolutionProperties) = preSolution
		HideSolutionNode = FALSE
	EndGlobalSection
EndGlobal
