
Microsoft Visual Studio Solution File, Format Version 9.00
# Visual Studio 2005
Project("{FAE04EC0-301F-11D3-BF4B-00C04F79EFBC}") = "ReentrantAndMultiple", "ReentrantAndMultiple.csproj", "{08E3D841-B167-4E1B-ABE0-7F9B0A56B8ED}"
EndProject
Global
	GlobalSection(SolutionConfigurationPlatforms) = preSolution
		Debug|Any CPU = Debug|Any CPU
		Release|Any CPU = Release|Any CPU
	EndGlobalSection
	GlobalSection(ProjectConfigurationPlatforms) = postSolution
		{08E3D841-B167-4E1B-ABE0-7F9B0A56B8ED}.Debug|Any CPU.ActiveCfg = Debug|Any CPU
		{08E3D841-B167-4E1B-ABE0-7F9B0A56B8ED}.Debug|Any CPU.Build.0 = Debug|Any CPU
		{08E3D841-B167-4E1B-ABE0-7F9B0A56B8ED}.Release|Any CPU.ActiveCfg = Release|Any CPU
		{08E3D841-B167-4E1B-ABE0-7F9B0A56B8ED}.Release|Any CPU.Build.0 = Release|Any CPU
	EndGlobalSection
	GlobalSection(SolutionProperties) = preSolution
		HideSolutionNode = FALSE
	EndGlobalSection
EndGlobal
