
Microsoft Visual Studio Solution File, Format Version 12.00
# Visual Studio 15
VisualStudioVersion = 15.0.28029.0
MinimumVisualStudioVersion = 10.0.40219.1
Project("{9A19103F-16F7-4668-BE54-9A1E7A4F7556}") = "patternmatching", "patternmatching\patternmatching.csproj", "{64F025C1-F843-4E18-8E70-D1B49C723035}"
EndProject
Project("{FAE04EC0-301F-11D3-BF4B-00C04F79EFBC}") = "nullablepatternmatching", "nullablepatternmatching\nullablepatternmatching.csproj", "{A19B27AC-36D2-496A-9F73-8122758ECAF3}"
EndProject
Project("{FAE04EC0-301F-11D3-BF4B-00C04F79EFBC}") = "asandis", "asandis\asandis.csproj", "{EF74E2FF-B274-4688-BCA0-25DE80541931}"
EndProject
Global
	GlobalSection(SolutionConfigurationPlatforms) = preSolution
		Debug|Any CPU = Debug|Any CPU
		Release|Any CPU = Release|Any CPU
	EndGlobalSection
	GlobalSection(ProjectConfigurationPlatforms) = postSolution
		{64F025C1-F843-4E18-8E70-D1B49C723035}.Debug|Any CPU.ActiveCfg = Debug|Any CPU
		{64F025C1-F843-4E18-8E70-D1B49C723035}.Debug|Any CPU.Build.0 = Debug|Any CPU
		{64F025C1-F843-4E18-8E70-D1B49C723035}.Release|Any CPU.ActiveCfg = Release|Any CPU
		{64F025C1-F843-4E18-8E70-D1B49C723035}.Release|Any CPU.Build.0 = Release|Any CPU
		{A19B27AC-36D2-496A-9F73-8122758ECAF3}.Debug|Any CPU.ActiveCfg = Debug|Any CPU
		{A19B27AC-36D2-496A-9F73-8122758ECAF3}.Debug|Any CPU.Build.0 = Debug|Any CPU
		{A19B27AC-36D2-496A-9F73-8122758ECAF3}.Release|Any CPU.ActiveCfg = Release|Any CPU
		{A19B27AC-36D2-496A-9F73-8122758ECAF3}.Release|Any CPU.Build.0 = Release|Any CPU
		{EF74E2FF-B274-4688-BCA0-25DE80541931}.Debug|Any CPU.ActiveCfg = Debug|Any CPU
		{EF74E2FF-B274-4688-BCA0-25DE80541931}.Debug|Any CPU.Build.0 = Debug|Any CPU
		{EF74E2FF-B274-4688-BCA0-25DE80541931}.Release|Any CPU.ActiveCfg = Release|Any CPU
		{EF74E2FF-B274-4688-BCA0-25DE80541931}.Release|Any CPU.Build.0 = Release|Any CPU
	EndGlobalSection
	GlobalSection(SolutionProperties) = preSolution
		HideSolutionNode = FALSE
	EndGlobalSection
	GlobalSection(ExtensibilityGlobals) = postSolution
		SolutionGuid = {FE13E063-992C-4F4A-95C8-0DB5A9B9D35F}
	EndGlobalSection
EndGlobal
