
Microsoft Visual Studio Solution File, Format Version 11.00
# Visual Studio 2010
Project("{F184B08F-C81C-45F6-A57F-5ABD9991F28F}") = "ActivityLibrary1", "ActivityLibrary1\ActivityLibrary1.vbproj", "{89B782D9-0C7D-45A3-AAA6-C28571BC2E8F}"
EndProject
Project("{F184B08F-C81C-45F6-A57F-5ABD9991F28F}") = "WorkflowConsoleApplication1", "WorkflowConsoleApplication1\WorkflowConsoleApplication1.vbproj", "{96BB87E6-9679-4FF8-A278-DB6CB3F1A093}"
EndProject
Global
	GlobalSection(SolutionConfigurationPlatforms) = preSolution
		Debug|Any CPU = Debug|Any CPU
		Debug|Mixed Platforms = Debug|Mixed Platforms
		Debug|x86 = Debug|x86
		Release|Any CPU = Release|Any CPU
		Release|Mixed Platforms = Release|Mixed Platforms
		Release|x86 = Release|x86
	EndGlobalSection
	GlobalSection(ProjectConfigurationPlatforms) = postSolution
		{89B782D9-0C7D-45A3-AAA6-C28571BC2E8F}.Debug|Any CPU.ActiveCfg = Debug|Any CPU
		{89B782D9-0C7D-45A3-AAA6-C28571BC2E8F}.Debug|Any CPU.Build.0 = Debug|Any CPU
		{89B782D9-0C7D-45A3-AAA6-C28571BC2E8F}.Debug|Mixed Platforms.ActiveCfg = Debug|Any CPU
		{89B782D9-0C7D-45A3-AAA6-C28571BC2E8F}.Debug|Mixed Platforms.Build.0 = Debug|Any CPU
		{89B782D9-0C7D-45A3-AAA6-C28571BC2E8F}.Debug|x86.ActiveCfg = Debug|Any CPU
		{89B782D9-0C7D-45A3-AAA6-C28571BC2E8F}.Release|Any CPU.ActiveCfg = Release|Any CPU
		{89B782D9-0C7D-45A3-AAA6-C28571BC2E8F}.Release|Any CPU.Build.0 = Release|Any CPU
		{89B782D9-0C7D-45A3-AAA6-C28571BC2E8F}.Release|Mixed Platforms.ActiveCfg = Release|Any CPU
		{89B782D9-0C7D-45A3-AAA6-C28571BC2E8F}.Release|Mixed Platforms.Build.0 = Release|Any CPU
		{89B782D9-0C7D-45A3-AAA6-C28571BC2E8F}.Release|x86.ActiveCfg = Release|Any CPU
		{96BB87E6-9679-4FF8-A278-DB6CB3F1A093}.Debug|Any CPU.ActiveCfg = Debug|x86
		{96BB87E6-9679-4FF8-A278-DB6CB3F1A093}.Debug|Mixed Platforms.ActiveCfg = Debug|x86
		{96BB87E6-9679-4FF8-A278-DB6CB3F1A093}.Debug|Mixed Platforms.Build.0 = Debug|x86
		{96BB87E6-9679-4FF8-A278-DB6CB3F1A093}.Debug|x86.ActiveCfg = Debug|x86
		{96BB87E6-9679-4FF8-A278-DB6CB3F1A093}.Debug|x86.Build.0 = Debug|x86
		{96BB87E6-9679-4FF8-A278-DB6CB3F1A093}.Release|Any CPU.ActiveCfg = Release|x86
		{96BB87E6-9679-4FF8-A278-DB6CB3F1A093}.Release|Mixed Platforms.ActiveCfg = Release|x86
		{96BB87E6-9679-4FF8-A278-DB6CB3F1A093}.Release|Mixed Platforms.Build.0 = Release|x86
		{96BB87E6-9679-4FF8-A278-DB6CB3F1A093}.Release|x86.ActiveCfg = Release|x86
		{96BB87E6-9679-4FF8-A278-DB6CB3F1A093}.Release|x86.Build.0 = Release|x86
	EndGlobalSection
	GlobalSection(SolutionProperties) = preSolution
		HideSolutionNode = FALSE
	EndGlobalSection
EndGlobal
