
Microsoft Visual Studio Solution File, Format Version 12.00
# Visual Studio 15
VisualStudioVersion = 15.0.26124.0
MinimumVisualStudioVersion = 15.0.26124.0
Project("{FAE04EC0-301F-11D3-BF4B-00C04F79EFBC}") = "HelloSyntaxTree", "HelloSyntaxTree\HelloSyntaxTree.csproj", "{489614F6-9996-4451-B545-E083479360A6}"
EndProject
Project("{FAE04EC0-301F-11D3-BF4B-00C04F79EFBC}") = "SyntaxWalker", "SyntaxWalker\SyntaxWalker.csproj", "{40846331-F548-46B1-BEEE-01872169FED2}"
EndProject
Global
	GlobalSection(SolutionConfigurationPlatforms) = preSolution
		Debug|Any CPU = Debug|Any CPU
		Debug|x64 = Debug|x64
		Debug|x86 = Debug|x86
		Release|Any CPU = Release|Any CPU
		Release|x64 = Release|x64
		Release|x86 = Release|x86
	EndGlobalSection
	GlobalSection(SolutionProperties) = preSolution
		HideSolutionNode = FALSE
	EndGlobalSection
	GlobalSection(ProjectConfigurationPlatforms) = postSolution
		{489614F6-9996-4451-B545-E083479360A6}.Debug|Any CPU.ActiveCfg = Debug|Any CPU
		{489614F6-9996-4451-B545-E083479360A6}.Debug|Any CPU.Build.0 = Debug|Any CPU
		{489614F6-9996-4451-B545-E083479360A6}.Debug|x64.ActiveCfg = Debug|Any CPU
		{489614F6-9996-4451-B545-E083479360A6}.Debug|x64.Build.0 = Debug|Any CPU
		{489614F6-9996-4451-B545-E083479360A6}.Debug|x86.ActiveCfg = Debug|Any CPU
		{489614F6-9996-4451-B545-E083479360A6}.Debug|x86.Build.0 = Debug|Any CPU
		{489614F6-9996-4451-B545-E083479360A6}.Release|Any CPU.ActiveCfg = Release|Any CPU
		{489614F6-9996-4451-B545-E083479360A6}.Release|Any CPU.Build.0 = Release|Any CPU
		{489614F6-9996-4451-B545-E083479360A6}.Release|x64.ActiveCfg = Release|Any CPU
		{489614F6-9996-4451-B545-E083479360A6}.Release|x64.Build.0 = Release|Any CPU
		{489614F6-9996-4451-B545-E083479360A6}.Release|x86.ActiveCfg = Release|Any CPU
		{489614F6-9996-4451-B545-E083479360A6}.Release|x86.Build.0 = Release|Any CPU
		{40846331-F548-46B1-BEEE-01872169FED2}.Debug|Any CPU.ActiveCfg = Debug|Any CPU
		{40846331-F548-46B1-BEEE-01872169FED2}.Debug|Any CPU.Build.0 = Debug|Any CPU
		{40846331-F548-46B1-BEEE-01872169FED2}.Debug|x64.ActiveCfg = Debug|Any CPU
		{40846331-F548-46B1-BEEE-01872169FED2}.Debug|x64.Build.0 = Debug|Any CPU
		{40846331-F548-46B1-BEEE-01872169FED2}.Debug|x86.ActiveCfg = Debug|Any CPU
		{40846331-F548-46B1-BEEE-01872169FED2}.Debug|x86.Build.0 = Debug|Any CPU
		{40846331-F548-46B1-BEEE-01872169FED2}.Release|Any CPU.ActiveCfg = Release|Any CPU
		{40846331-F548-46B1-BEEE-01872169FED2}.Release|Any CPU.Build.0 = Release|Any CPU
		{40846331-F548-46B1-BEEE-01872169FED2}.Release|x64.ActiveCfg = Release|Any CPU
		{40846331-F548-46B1-BEEE-01872169FED2}.Release|x64.Build.0 = Release|Any CPU
		{40846331-F548-46B1-BEEE-01872169FED2}.Release|x86.ActiveCfg = Release|Any CPU
		{40846331-F548-46B1-BEEE-01872169FED2}.Release|x86.Build.0 = Release|Any CPU
	EndGlobalSection
EndGlobal
