<?xml version="1.0" encoding="utf-8"?>
<Project ToolsVersion="4.0" xmlns="http://schemas.microsoft.com/developer/msbuild/2003">
  <ItemGroup>
    <Filter Include="Header Files">
      <UniqueIdentifier>{857ad0e0-f021-4848-b91c-71a6d46f29fe}</UniqueIdentifier>
      <Extensions>h;hpp;hxx;inl;fi;fd</Extensions>
    </Filter>
    <Filter Include="Resource Files">
      <UniqueIdentifier>{c8875ac3-8e82-4799-a32b-b942d320e1ca}</UniqueIdentifier>
      <Extensions>rc;ico;cur;bmp;dlg;rc2;rct;cnt;rtf;gif;jpg;jpeg;jpe</Extensions>
    </Filter>
    <Filter Include="Source Files">
      <UniqueIdentifier>{c0e7f22b-e9a0-4829-afc7-d3cfdd7185e6}</UniqueIdentifier>
      <Extensions>cpp;c;cxx;def;r;odl;hpj;bat;for;f90</Extensions>
    </Filter>
  </ItemGroup>
  <ItemGroup>
    <ClCompile Include="cntritem.cpp">
      <Filter>Source Files</Filter>
    </ClCompile>
    <ClCompile Include="DrawClient.cpp">
      <Filter>Source Files</Filter>
    </ClCompile>
    <ClCompile Include="drawdoc.cpp">
      <Filter>Source Files</Filter>
    </ClCompile>
    <ClCompile Include="drawobj.cpp">
      <Filter>Source Files</Filter>
    </ClCompile>
    <ClCompile Include="drawtool.cpp">
      <Filter>Source Files</Filter>
    </ClCompile>
    <ClCompile Include="drawvw.cpp">
      <Filter>Source Files</Filter>
    </ClCompile>
    <ClCompile Include="LineWeightDlg.cpp">
      <Filter>Source Files</Filter>
    </ClCompile>
    <ClCompile Include="mainfrm.cpp">
      <Filter>Source Files</Filter>
    </ClCompile>
    <ClCompile Include="propset.cpp">
      <Filter>Source Files</Filter>
    </ClCompile>
    <ClCompile Include="rectdlg.cpp">
      <Filter>Source Files</Filter>
    </ClCompile>
    <ClCompile Include="RibbonListButton.cpp">
      <Filter>Source Files</Filter>
    </ClCompile>
    <ClCompile Include="splitfrm.cpp">
      <Filter>Source Files</Filter>
    </ClCompile>
    <ClCompile Include="statpage.cpp">
      <Filter>Source Files</Filter>
    </ClCompile>
    <ClCompile Include="stdafx.cpp">
      <Filter>Source Files</Filter>
    </ClCompile>
    <ClCompile Include="summinfo.cpp">
      <Filter>Source Files</Filter>
    </ClCompile>
    <ClCompile Include="summpage.cpp">
      <Filter>Source Files</Filter>
    </ClCompile>
  </ItemGroup>
  <ItemGroup>
    <ClInclude Include="cntritem.h">
      <Filter>Header Files</Filter>
    </ClInclude>
    <ClInclude Include="DrawClient.h">
      <Filter>Header Files</Filter>
    </ClInclude>
    <ClInclude Include="drawdoc.h">
      <Filter>Header Files</Filter>
    </ClInclude>
    <ClInclude Include="drawobj.h">
      <Filter>Header Files</Filter>
    </ClInclude>
    <ClInclude Include="drawtool.h">
      <Filter>Header Files</Filter>
    </ClInclude>
    <ClInclude Include="drawvw.h">
      <Filter>Header Files</Filter>
    </ClInclude>
    <ClInclude Include="LineWeightDlg.h">
      <Filter>Header Files</Filter>
    </ClInclude>
    <ClInclude Include="mainfrm.h">
      <Filter>Header Files</Filter>
    </ClInclude>
    <ClInclude Include="propset.h">
      <Filter>Header Files</Filter>
    </ClInclude>
    <ClInclude Include="rectdlg.h">
      <Filter>Header Files</Filter>
    </ClInclude>
    <ClInclude Include="resource.h">
      <Filter>Header Files</Filter>
    </ClInclude>
    <ClInclude Include="RibbonListButton.h">
      <Filter>Header Files</Filter>
    </ClInclude>
    <ClInclude Include="splitfrm.h">
      <Filter>Header Files</Filter>
    </ClInclude>
    <ClInclude Include="statpage.h">
      <Filter>Header Files</Filter>
    </ClInclude>
    <ClInclude Include="stdafx.h">
      <Filter>Header Files</Filter>
    </ClInclude>
    <ClInclude Include="summinfo.h">
      <Filter>Header Files</Filter>
    </ClInclude>
    <ClInclude Include="summpage.h">
      <Filter>Header Files</Filter>
    </ClInclude>
    <ClInclude Include="targetver.h">
      <Filter>Header Files</Filter>
    </ClInclude>
  </ItemGroup>
  <ItemGroup>
    <None Include="ReadMe.htm" />
    <None Include="res\DrawClient.ico">
      <Filter>Resource Files</Filter>
    </None>
    <None Include="res\DrawClient.rc2">
      <Filter>Resource Files</Filter>
    </None>
    <None Include="res\drawdoc.ico">
      <Filter>Resource Files</Filter>
    </None>
    <None Include="res\filelarge.png">
      <Filter>Resource Files</Filter>
    </None>
    <None Include="res\filesmall.png">
      <Filter>Resource Files</Filter>
    </None>
    <None Include="res\formatlarge.PNG">
      <Filter>Resource Files</Filter>
    </None>
    <None Include="res\formatsmall.PNG">
      <Filter>Resource Files</Filter>
    </None>
    <None Include="res\homelarge.png">
      <Filter>Resource Files</Filter>
    </None>
    <None Include="res\homesmall.png">
      <Filter>Resource Files</Filter>
    </None>
    <None Include="res\lineweight.png">
      <Filter>Resource Files</Filter>
    </None>
    <None Include="res\main.png">
      <Filter>Resource Files</Filter>
    </None>
    <None Include="res\pencil.cur">
      <Filter>Resource Files</Filter>
    </None>
    <None Include="res\prop24.bmp">
      <Filter>Resource Files</Filter>
    </None>
    <None Include="res\ribbonicons.png">
      <Filter>Resource Files</Filter>
    </None>
    <None Include="res\sb_1.png">
      <Filter>Resource Files</Filter>
    </None>
    <None Include="res\sb_2.png">
      <Filter>Resource Files</Filter>
    </None>
    <None Include="res\styles.png">
      <Filter>Resource Files</Filter>
    </None>
    <None Include="res\viewlarge.png">
      <Filter>Resource Files</Filter>
    </None>
    <None Include="res\viewsmall.png">
      <Filter>Resource Files</Filter>
    </None>
    <None Include="setup.rul">
      <Filter>Resource Files</Filter>
    </None>
  </ItemGroup>
  <ItemGroup>
    <ResourceCompile Include="DrawClient.rc">
      <Filter>Resource Files</Filter>
    </ResourceCompile>
  </ItemGroup>
</Project>