
Microsoft Visual Studio Solution File, Format Version 11.00
# Visual Studio 2010
Project("{FAE04EC0-301F-11D3-BF4B-00C04F79EFBC}") = "MyControls", "MyControls\MyControls.csproj", "{BEF5A4F7-2136-4C9B-B5D0-D08C6995CC3B}"
EndProject
Project("{FAE04EC0-301F-11D3-BF4B-00C04F79EFBC}") = "WpfHost", "WpfHost\WpfHost.csproj", "{2CDE711B-CC0D-409A-B46B-149BB6F40003}"
EndProject
Global
	GlobalSection(SolutionConfigurationPlatforms) = preSolution
		Debug|Any CPU = Debug|Any CPU
		Release|Any CPU = Release|Any CPU
	EndGlobalSection
	GlobalSection(ProjectConfigurationPlatforms) = postSolution
		{BEF5A4F7-2136-4C9B-B5D0-D08C6995CC3B}.Debug|Any CPU.ActiveCfg = Debug|Any CPU
		{BEF5A4F7-2136-4C9B-B5D0-D08C6995CC3B}.Debug|Any CPU.Build.0 = Debug|Any CPU
		{BEF5A4F7-2136-4C9B-B5D0-D08C6995CC3B}.Release|Any CPU.ActiveCfg = Release|Any CPU
		{BEF5A4F7-2136-4C9B-B5D0-D08C6995CC3B}.Release|Any CPU.Build.0 = Release|Any CPU
		{2CDE711B-CC0D-409A-B46B-149BB6F40003}.Debug|Any CPU.ActiveCfg = Debug|Any CPU
		{2CDE711B-CC0D-409A-B46B-149BB6F40003}.Debug|Any CPU.Build.0 = Debug|Any CPU
		{2CDE711B-CC0D-409A-B46B-149BB6F40003}.Release|Any CPU.ActiveCfg = Debug|Any CPU
		{2CDE711B-CC0D-409A-B46B-149BB6F40003}.Release|Any CPU.Build.0 = Debug|Any CPU
	EndGlobalSection
	GlobalSection(SolutionProperties) = preSolution
		HideSolutionNode = FALSE
	EndGlobalSection
EndGlobal
