
Microsoft Visual Studio Solution File, Format Version 11.00
# Visual Studio 10
Project("{FAE04EC0-301F-11D3-BF4B-00C04F79EFBC}") = "test", "test.csproj", "{C5F4FC5E-A823-4E6C-8377-51A8C48B328C}"
EndProject
Global
	GlobalSection(SolutionConfigurationPlatforms) = preSolution
		Debug|Any CPU = Debug|Any CPU
		Release|Any CPU = Release|Any CPU
	EndGlobalSection
	GlobalSection(ProjectConfigurationPlatforms) = postSolution
		{C5F4FC5E-A823-4E6C-8377-51A8C48B328C}.Debug|Any CPU.ActiveCfg = Debug|Any CPU
		{C5F4FC5E-A823-4E6C-8377-51A8C48B328C}.Debug|Any CPU.Build.0 = Debug|Any CPU
		{C5F4FC5E-A823-4E6C-8377-51A8C48B328C}.Release|Any CPU.ActiveCfg = Release|Any CPU
		{C5F4FC5E-A823-4E6C-8377-51A8C48B328C}.Release|Any CPU.Build.0 = Release|Any CPU
	EndGlobalSection
	GlobalSection(SolutionProperties) = preSolution
		HideSolutionNode = FALSE
	EndGlobalSection
EndGlobal
