
Microsoft Visual Studio Solution File, Format Version 11.00
# Visual Studio 10
Project("{F184B08F-C81C-45F6-A57F-5ABD9991F28F}") = "test", "test.vbproj", "{2DBD729D-3278-4DA3-A9B2-960795B1A593}"
EndProject
Global
	GlobalSection(SolutionConfigurationPlatforms) = preSolution
		Debug|Any CPU = Debug|Any CPU
		Release|Any CPU = Release|Any CPU
	EndGlobalSection
	GlobalSection(ProjectConfigurationPlatforms) = postSolution
		{2DBD729D-3278-4DA3-A9B2-960795B1A593}.Debug|Any CPU.ActiveCfg = Debug|Any CPU
		{2DBD729D-3278-4DA3-A9B2-960795B1A593}.Debug|Any CPU.Build.0 = Debug|Any CPU
		{2DBD729D-3278-4DA3-A9B2-960795B1A593}.Release|Any CPU.ActiveCfg = Release|Any CPU
		{2DBD729D-3278-4DA3-A9B2-960795B1A593}.Release|Any CPU.Build.0 = Release|Any CPU
	EndGlobalSection
	GlobalSection(SolutionProperties) = preSolution
		HideSolutionNode = FALSE
	EndGlobalSection
EndGlobal
