
Microsoft Visual Studio Solution File, Format Version 9.00
# Visual Studio 2005
Project("{FAE04EC0-301F-11D3-BF4B-00C04F79EFBC}") = "TesterFormCS", "TesterFormCS.csproj", "{D2C2D57E-73A1-473D-ABA6-1F4E540F1BDA}"
EndProject
Global
	GlobalSection(SolutionConfigurationPlatforms) = preSolution
		Debug|Any CPU = Debug|Any CPU
		Release|Any CPU = Release|Any CPU
	EndGlobalSection
	GlobalSection(ProjectConfigurationPlatforms) = postSolution
		{D2C2D57E-73A1-473D-ABA6-1F4E540F1BDA}.Debug|Any CPU.ActiveCfg = Debug|Any CPU
		{D2C2D57E-73A1-473D-ABA6-1F4E540F1BDA}.Debug|Any CPU.Build.0 = Debug|Any CPU
		{D2C2D57E-73A1-473D-ABA6-1F4E540F1BDA}.Release|Any CPU.ActiveCfg = Release|Any CPU
		{D2C2D57E-73A1-473D-ABA6-1F4E540F1BDA}.Release|Any CPU.Build.0 = Release|Any CPU
	EndGlobalSection
	GlobalSection(SolutionProperties) = preSolution
		HideSolutionNode = FALSE
	EndGlobalSection
EndGlobal
