
Microsoft Visual Studio Solution File, Format Version 12.00
# Visual Studio Version 17
VisualStudioVersion = 17.0.32002.185
MinimumVisualStudioVersion = 10.0.40219.1
Project("{9A19103F-16F7-4668-BE54-9A1E7A4F7556}") = "ConsoleApp", "ConsoleApp\ConsoleApp.csproj", "{B0A361D0-D9D7-4E39-AFC1-189121AAC9CE}"
EndProject
Project("{9A19103F-16F7-4668-BE54-9A1E7A4F7556}") = "SourceGenerator", "SourceGenerator\SourceGenerator.csproj", "{7CB852F5-F320-41AF-B1AC-4CDBD61FEB17}"
EndProject
Global
	GlobalSection(SolutionConfigurationPlatforms) = preSolution
		Debug|Any CPU = Debug|Any CPU
		Release|Any CPU = Release|Any CPU
	EndGlobalSection
	GlobalSection(ProjectConfigurationPlatforms) = postSolution
		{B0A361D0-D9D7-4E39-AFC1-189121AAC9CE}.Debug|Any CPU.ActiveCfg = Debug|Any CPU
		{B0A361D0-D9D7-4E39-AFC1-189121AAC9CE}.Debug|Any CPU.Build.0 = Debug|Any CPU
		{B0A361D0-D9D7-4E39-AFC1-189121AAC9CE}.Release|Any CPU.ActiveCfg = Release|Any CPU
		{B0A361D0-D9D7-4E39-AFC1-189121AAC9CE}.Release|Any CPU.Build.0 = Release|Any CPU
		{7CB852F5-F320-41AF-B1AC-4CDBD61FEB17}.Debug|Any CPU.ActiveCfg = Debug|Any CPU
		{7CB852F5-F320-41AF-B1AC-4CDBD61FEB17}.Debug|Any CPU.Build.0 = Debug|Any CPU
		{7CB852F5-F320-41AF-B1AC-4CDBD61FEB17}.Release|Any CPU.ActiveCfg = Release|Any CPU
		{7CB852F5-F320-41AF-B1AC-4CDBD61FEB17}.Release|Any CPU.Build.0 = Release|Any CPU
	EndGlobalSection
	GlobalSection(SolutionProperties) = preSolution
		HideSolutionNode = FALSE
	EndGlobalSection
	GlobalSection(ExtensibilityGlobals) = postSolution
		SolutionGuid = {8483CBEE-3CD5-4416-96BF-D457893183B6}
	EndGlobalSection
EndGlobal
