
Microsoft Visual Studio Solution File, Format Version 11.00
# Visual Studio 2010
Project("{FAE04EC0-301F-11D3-BF4B-00C04F79EFBC}") = "SDKSampleLibrary", "SDKSampleLibrary\SDKSampleLibrary.csproj", "{74CE3840-AA76-46E5-9C7F-20AAB23A06BE}"
EndProject
Project("{FAE04EC0-301F-11D3-BF4B-00C04F79EFBC}") = "DPCallbackOverrideApp", "DPCallbackOverrideApp\DPCallbackOverrideApp.csproj", "{9C5932C5-CCBC-484D-87D2-78785671C4D2}"
	ProjectSection(ProjectDependencies) = postProject
		{74CE3840-AA76-46E5-9C7F-20AAB23A06BE} = {74CE3840-AA76-46E5-9C7F-20AAB23A06BE}
	EndProjectSection
EndProject
Global
	GlobalSection(SolutionConfigurationPlatforms) = preSolution
		Debug|Any CPU = Debug|Any CPU
	EndGlobalSection
	GlobalSection(ProjectConfigurationPlatforms) = postSolution
		{74CE3840-AA76-46E5-9C7F-20AAB23A06BE}.Debug|Any CPU.ActiveCfg = Debug|Any CPU
		{74CE3840-AA76-46E5-9C7F-20AAB23A06BE}.Debug|Any CPU.Build.0 = Debug|Any CPU
		{9C5932C5-CCBC-484D-87D2-78785671C4D2}.Debug|Any CPU.ActiveCfg = Debug|Any CPU
		{9C5932C5-CCBC-484D-87D2-78785671C4D2}.Debug|Any CPU.Build.0 = Debug|Any CPU
	EndGlobalSection
	GlobalSection(SolutionProperties) = preSolution
		HideSolutionNode = FALSE
	EndGlobalSection
EndGlobal
