<?xml version="1.0" encoding="utf-8"?>
<Project ToolsVersion="4.0" xmlns="http://schemas.microsoft.com/developer/msbuild/2003">
  <ItemGroup>
    <Filter Include="Header Files">
      <UniqueIdentifier>{29c2dded-2972-4712-9741-4b68b46a4e58}</UniqueIdentifier>
      <Extensions>h;hpp;hxx;hm;inl</Extensions>
    </Filter>
    <Filter Include="Resource Files">
      <UniqueIdentifier>{d88e60d4-3891-49e7-ac86-42e3fbbee778}</UniqueIdentifier>
      <Extensions>ico;cur;bmp;dlg;rc2;rct;bin;rgs;gif;jpg;jpeg;jpe</Extensions>
    </Filter>
    <Filter Include="Source Files">
      <UniqueIdentifier>{89c2bb4b-2a12-41b2-a591-a7a0aa16a73f}</UniqueIdentifier>
      <Extensions>cpp;c;cxx;rc;def;r;odl;idl;hpj;bat</Extensions>
    </Filter>
  </ItemGroup>
  <ItemGroup>
    <ClCompile Include="DesktopAlertDemo.cpp">
      <Filter>Source Files</Filter>
    </ClCompile>
    <ClCompile Include="DesktopAlertDemoDlg.cpp">
      <Filter>Source Files</Filter>
    </ClCompile>
    <ClCompile Include="IconComboBox.cpp">
      <Filter>Source Files</Filter>
    </ClCompile>
    <ClCompile Include="MSNDlg.cpp">
      <Filter>Source Files</Filter>
    </ClCompile>
    <ClCompile Include="MSNVisualManager.cpp">
      <Filter>Source Files</Filter>
    </ClCompile>
    <ClCompile Include="MyAlertDlg.cpp">
      <Filter>Source Files</Filter>
    </ClCompile>
    <ClCompile Include="StdAfx.cpp">
      <Filter>Source Files</Filter>
    </ClCompile>
  </ItemGroup>
  <ItemGroup>
    <ResourceCompile Include="DesktopAlertDemo.rc">
      <Filter>Source Files</Filter>
    </ResourceCompile>
  </ItemGroup>
  <ItemGroup>
    <ClInclude Include="DesktopAlertDemo.h">
      <Filter>Header Files</Filter>
    </ClInclude>
    <ClInclude Include="DesktopAlertDemoDlg.h">
      <Filter>Header Files</Filter>
    </ClInclude>
    <ClInclude Include="IconComboBox.h">
      <Filter>Header Files</Filter>
    </ClInclude>
    <ClInclude Include="MSNDlg.h">
      <Filter>Header Files</Filter>
    </ClInclude>
    <ClInclude Include="MSNVisualManager.h">
      <Filter>Header Files</Filter>
    </ClInclude>
    <ClInclude Include="MyAlertDlg.h">
      <Filter>Header Files</Filter>
    </ClInclude>
    <ClInclude Include="Resource.h">
      <Filter>Header Files</Filter>
    </ClInclude>
    <ClInclude Include="StdAfx.h">
      <Filter>Header Files</Filter>
    </ClInclude>
    <ClInclude Include="targetver.h">
      <Filter>Header Files</Filter>
    </ClInclude>
  </ItemGroup>
  <ItemGroup>
    <None Include="ReadMe.htm" />
    <None Include="res\delete.bmp">
      <Filter>Resource Files</Filter>
    </None>
    <None Include="res\DesktopAlertDemo.ico">
      <Filter>Resource Files</Filter>
    </None>
    <None Include="res\DesktopAlertDemo.rc2">
      <Filter>Resource Files</Filter>
    </None>
    <None Include="res\flag.bmp">
      <Filter>Resource Files</Filter>
    </None>
    <None Include="res\icons.bmp">
      <Filter>Resource Files</Filter>
    </None>
    <None Include="res\iconss.bmp">
      <Filter>Resource Files</Filter>
    </None>
    <None Include="res\logo.bmp">
      <Filter>Resource Files</Filter>
    </None>
    <None Include="res\mail.ico">
      <Filter>Resource Files</Filter>
    </None>
    <None Include="res\menuimages24.bmp">
      <Filter>Resource Files</Filter>
    </None>
    <None Include="res\toolbar1.bmp">
      <Filter>Resource Files</Filter>
    </None>
  </ItemGroup>
</Project>