Microsoft Visual Studio Solution File, Format Version 11.00
# Visual Studio 2010
Project("{FAE04EC0-301F-11D3-BF4B-00C04F79EFBC}") = "PhotoService", "CS\PhotoService.csproj", "{318E25FC-1DE8-4E26-A6F9-EA61237A562B}"
EndProject
Project("{FAE04EC0-301F-11D3-BF4B-00C04F79EFBC}") = "PhotoStreamingClient", "..\Astoria Photo Streaming Client\CS\PhotoStreamingClient.csproj", "{455EE0A5-63D5-4380-8B85-8F5BF505BEF0}"
EndProject
Project("{F184B08F-C81C-45F6-A57F-5ABD9991F28F}") = "PhotoServiceVB", "VB\PhotoServiceVB.vbproj", "{0BA53D10-0B84-4735-AF58-9D0C3DFADBFF}"
EndProject
Project("{F184B08F-C81C-45F6-A57F-5ABD9991F28F}") = "PhotoStreamingClientVB", "..\Astoria Photo Streaming Client\VB\PhotoStreamingClientVB.vbproj", "{C32BFAEA-1BAB-4038-904D-E8E79E4D33AE}"
EndProject
Global
	GlobalSection(SolutionConfigurationPlatforms) = preSolution
		Debug|Any CPU = Debug|Any CPU
		Debug|Mixed Platforms = Debug|Mixed Platforms
		Debug|x86 = Debug|x86
		Release|Any CPU = Release|Any CPU
		Release|Mixed Platforms = Release|Mixed Platforms
		Release|x86 = Release|x86
	EndGlobalSection
	GlobalSection(ProjectConfigurationPlatforms) = postSolution
		{318E25FC-1DE8-4E26-A6F9-EA61237A562B}.Debug|Any CPU.ActiveCfg = Debug|Any CPU
		{318E25FC-1DE8-4E26-A6F9-EA61237A562B}.Debug|Any CPU.Build.0 = Debug|Any CPU
		{318E25FC-1DE8-4E26-A6F9-EA61237A562B}.Debug|Mixed Platforms.ActiveCfg = Debug|Any CPU
		{318E25FC-1DE8-4E26-A6F9-EA61237A562B}.Debug|Mixed Platforms.Build.0 = Debug|Any CPU
		{318E25FC-1DE8-4E26-A6F9-EA61237A562B}.Debug|x86.ActiveCfg = Debug|Any CPU
		{318E25FC-1DE8-4E26-A6F9-EA61237A562B}.Release|Any CPU.ActiveCfg = Release|Any CPU
		{318E25FC-1DE8-4E26-A6F9-EA61237A562B}.Release|Any CPU.Build.0 = Release|Any CPU
		{318E25FC-1DE8-4E26-A6F9-EA61237A562B}.Release|Mixed Platforms.ActiveCfg = Release|Any CPU
		{318E25FC-1DE8-4E26-A6F9-EA61237A562B}.Release|Mixed Platforms.Build.0 = Release|Any CPU
		{318E25FC-1DE8-4E26-A6F9-EA61237A562B}.Release|x86.ActiveCfg = Release|Any CPU
		{455EE0A5-63D5-4380-8B85-8F5BF505BEF0}.Debug|Any CPU.ActiveCfg = Debug|Any CPU
		{455EE0A5-63D5-4380-8B85-8F5BF505BEF0}.Debug|Any CPU.Build.0 = Debug|Any CPU
		{455EE0A5-63D5-4380-8B85-8F5BF505BEF0}.Debug|Mixed Platforms.ActiveCfg = Debug|Any CPU
		{455EE0A5-63D5-4380-8B85-8F5BF505BEF0}.Debug|Mixed Platforms.Build.0 = Debug|Any CPU
		{455EE0A5-63D5-4380-8B85-8F5BF505BEF0}.Debug|x86.ActiveCfg = Debug|Any CPU
		{455EE0A5-63D5-4380-8B85-8F5BF505BEF0}.Release|Any CPU.ActiveCfg = Release|Any CPU
		{455EE0A5-63D5-4380-8B85-8F5BF505BEF0}.Release|Any CPU.Build.0 = Release|Any CPU
		{455EE0A5-63D5-4380-8B85-8F5BF505BEF0}.Release|Mixed Platforms.ActiveCfg = Release|Any CPU
		{455EE0A5-63D5-4380-8B85-8F5BF505BEF0}.Release|Mixed Platforms.Build.0 = Release|Any CPU
		{455EE0A5-63D5-4380-8B85-8F5BF505BEF0}.Release|x86.ActiveCfg = Release|Any CPU
		{0BA53D10-0B84-4735-AF58-9D0C3DFADBFF}.Debug|Any CPU.ActiveCfg = Debug|Any CPU
		{0BA53D10-0B84-4735-AF58-9D0C3DFADBFF}.Debug|Any CPU.Build.0 = Debug|Any CPU
		{0BA53D10-0B84-4735-AF58-9D0C3DFADBFF}.Debug|Mixed Platforms.ActiveCfg = Debug|Any CPU
		{0BA53D10-0B84-4735-AF58-9D0C3DFADBFF}.Debug|Mixed Platforms.Build.0 = Debug|Any CPU
		{0BA53D10-0B84-4735-AF58-9D0C3DFADBFF}.Debug|x86.ActiveCfg = Debug|Any CPU
		{0BA53D10-0B84-4735-AF58-9D0C3DFADBFF}.Release|Any CPU.ActiveCfg = Release|Any CPU
		{0BA53D10-0B84-4735-AF58-9D0C3DFADBFF}.Release|Any CPU.Build.0 = Release|Any CPU
		{0BA53D10-0B84-4735-AF58-9D0C3DFADBFF}.Release|Mixed Platforms.ActiveCfg = Release|Any CPU
		{0BA53D10-0B84-4735-AF58-9D0C3DFADBFF}.Release|Mixed Platforms.Build.0 = Release|Any CPU
		{0BA53D10-0B84-4735-AF58-9D0C3DFADBFF}.Release|x86.ActiveCfg = Release|Any CPU
		{C32BFAEA-1BAB-4038-904D-E8E79E4D33AE}.Debug|Any CPU.ActiveCfg = Debug|x86
		{C32BFAEA-1BAB-4038-904D-E8E79E4D33AE}.Debug|Mixed Platforms.ActiveCfg = Debug|x86
		{C32BFAEA-1BAB-4038-904D-E8E79E4D33AE}.Debug|Mixed Platforms.Build.0 = Debug|x86
		{C32BFAEA-1BAB-4038-904D-E8E79E4D33AE}.Debug|x86.ActiveCfg = Debug|x86
		{C32BFAEA-1BAB-4038-904D-E8E79E4D33AE}.Debug|x86.Build.0 = Debug|x86
		{C32BFAEA-1BAB-4038-904D-E8E79E4D33AE}.Release|Any CPU.ActiveCfg = Release|x86
		{C32BFAEA-1BAB-4038-904D-E8E79E4D33AE}.Release|Mixed Platforms.ActiveCfg = Release|x86
		{C32BFAEA-1BAB-4038-904D-E8E79E4D33AE}.Release|Mixed Platforms.Build.0 = Release|x86
		{C32BFAEA-1BAB-4038-904D-E8E79E4D33AE}.Release|x86.ActiveCfg = Release|x86
		{C32BFAEA-1BAB-4038-904D-E8E79E4D33AE}.Release|x86.Build.0 = Release|x86
	EndGlobalSection
	GlobalSection(SolutionProperties) = preSolution
		HideSolutionNode = FALSE
	EndGlobalSection
EndGlobal
