
Microsoft Visual Studio Solution File, Format Version 11.00
# Visual Studio 10
Project("{FAE04EC0-301F-11D3-BF4B-00C04F79EFBC}") = "SQLStoreExtensibility", "SQLStoreExtensibility.csproj", "{BAF2A3F8-287A-4EB9-AE3F-AD54AE3C5E4A}"
EndProject
Global
	GlobalSection(SolutionConfigurationPlatforms) = preSolution
		Debug|Any CPU = Debug|Any CPU
		Debug|Mixed Platforms = Debug|Mixed Platforms
		Debug|x86 = Debug|x86
		Release|Any CPU = Release|Any CPU
		Release|Mixed Platforms = Release|Mixed Platforms
		Release|x86 = Release|x86
	EndGlobalSection
	GlobalSection(ProjectConfigurationPlatforms) = postSolution
		{BAF2A3F8-287A-4EB9-AE3F-AD54AE3C5E4A}.Debug|Any CPU.ActiveCfg = Debug|Any CPU
		{BAF2A3F8-287A-4EB9-AE3F-AD54AE3C5E4A}.Debug|Any CPU.Build.0 = Debug|Any CPU
		{BAF2A3F8-287A-4EB9-AE3F-AD54AE3C5E4A}.Debug|Mixed Platforms.ActiveCfg = Debug|Any CPU
		{BAF2A3F8-287A-4EB9-AE3F-AD54AE3C5E4A}.Debug|Mixed Platforms.Build.0 = Debug|Any CPU
		{BAF2A3F8-287A-4EB9-AE3F-AD54AE3C5E4A}.Debug|x86.ActiveCfg = Debug|Any CPU
		{BAF2A3F8-287A-4EB9-AE3F-AD54AE3C5E4A}.Release|Any CPU.ActiveCfg = Release|Any CPU
		{BAF2A3F8-287A-4EB9-AE3F-AD54AE3C5E4A}.Release|Any CPU.Build.0 = Release|Any CPU
		{BAF2A3F8-287A-4EB9-AE3F-AD54AE3C5E4A}.Release|Mixed Platforms.ActiveCfg = Release|Any CPU
		{BAF2A3F8-287A-4EB9-AE3F-AD54AE3C5E4A}.Release|Mixed Platforms.Build.0 = Release|Any CPU
		{BAF2A3F8-287A-4EB9-AE3F-AD54AE3C5E4A}.Release|x86.ActiveCfg = Release|Any CPU
	EndGlobalSection
	GlobalSection(SolutionProperties) = preSolution
		HideSolutionNode = FALSE
	EndGlobalSection
EndGlobal
