
Microsoft Visual Studio Solution File, Format Version 11.00
# Visual Studio 2010
Project("{F184B08F-C81C-45F6-A57F-5ABD9991F28F}") = "SDKSampleLibrary", "SDKSampleLibrary\SDKSampleLibrary.vbproj", "{D90E2C9F-AF11-400C-9501-69514973E50F}"
EndProject
Project("{F184B08F-C81C-45F6-A57F-5ABD9991F28F}") = "LogicalOverrideApp", "LogicalOverrideApp\LogicalOverrideApp.vbproj", "{D90E2C9F-AF11-400C-9501-69514973E50F}"
EndProject
Global
	GlobalSection(SolutionConfigurationPlatforms) = preSolution
		Debug|x86 = Debug|x86
	EndGlobalSection
	GlobalSection(ProjectConfigurationPlatforms) = postSolution
		{D90E2C9F-AF11-400C-9501-69514973E50F}.Debug|x86.ActiveCfg = Debug|x86
		{D90E2C9F-AF11-400C-9501-69514973E50F}.Debug|x86.Build.0 = Debug|x86
	EndGlobalSection
	GlobalSection(SolutionProperties) = preSolution
		HideSolutionNode = FALSE
	EndGlobalSection
EndGlobal
