
Microsoft Visual Studio Solution File, Format Version 12.00
# Visual Studio 15
VisualStudioVersion = 15.0.27703.2042
MinimumVisualStudioVersion = 10.0.40219.1
Project("{9A19103F-16F7-4668-BE54-9A1E7A4F7556}") = "MakeConst", "MakeConst\MakeConst.csproj", "{A0728C97-E1F1-48A2-BC54-2535D0F1454D}"
EndProject
Project("{9A19103F-16F7-4668-BE54-9A1E7A4F7556}") = "MakeConst.Test", "MakeConst.Test\MakeConst.Test.csproj", "{244B901F-16DB-42FA-BE3C-98DF48E560E9}"
EndProject
Project("{FAE04EC0-301F-11D3-BF4B-00C04F79EFBC}") = "MakeConst.Vsix", "MakeConst.Vsix\MakeConst.Vsix.csproj", "{3CF664FF-1B84-42E0-B87B-5C6CF28C880B}"
EndProject
Global
	GlobalSection(SolutionConfigurationPlatforms) = preSolution
		Debug|Any CPU = Debug|Any CPU
		Release|Any CPU = Release|Any CPU
	EndGlobalSection
	GlobalSection(ProjectConfigurationPlatforms) = postSolution
		{A0728C97-E1F1-48A2-BC54-2535D0F1454D}.Debug|Any CPU.ActiveCfg = Debug|Any CPU
		{A0728C97-E1F1-48A2-BC54-2535D0F1454D}.Debug|Any CPU.Build.0 = Debug|Any CPU
		{A0728C97-E1F1-48A2-BC54-2535D0F1454D}.Release|Any CPU.ActiveCfg = Release|Any CPU
		{A0728C97-E1F1-48A2-BC54-2535D0F1454D}.Release|Any CPU.Build.0 = Release|Any CPU
		{244B901F-16DB-42FA-BE3C-98DF48E560E9}.Debug|Any CPU.ActiveCfg = Debug|Any CPU
		{244B901F-16DB-42FA-BE3C-98DF48E560E9}.Debug|Any CPU.Build.0 = Debug|Any CPU
		{244B901F-16DB-42FA-BE3C-98DF48E560E9}.Release|Any CPU.ActiveCfg = Release|Any CPU
		{244B901F-16DB-42FA-BE3C-98DF48E560E9}.Release|Any CPU.Build.0 = Release|Any CPU
		{3CF664FF-1B84-42E0-B87B-5C6CF28C880B}.Debug|Any CPU.ActiveCfg = Debug|Any CPU
		{3CF664FF-1B84-42E0-B87B-5C6CF28C880B}.Debug|Any CPU.Build.0 = Debug|Any CPU
		{3CF664FF-1B84-42E0-B87B-5C6CF28C880B}.Release|Any CPU.ActiveCfg = Release|Any CPU
		{3CF664FF-1B84-42E0-B87B-5C6CF28C880B}.Release|Any CPU.Build.0 = Release|Any CPU
	EndGlobalSection
	GlobalSection(SolutionProperties) = preSolution
		HideSolutionNode = FALSE
	EndGlobalSection
	GlobalSection(ExtensibilityGlobals) = postSolution
		SolutionGuid = {B8FD1575-8A45-488D-8624-ABB0D59B89C7}
	EndGlobalSection
EndGlobal
