
Microsoft Visual Studio Solution File, Format Version 10.00
# Visual Studio 2008
Project("{FAE04EC0-301F-11D3-BF4B-00C04F79EFBC}") = "WindowMove", "WindowMove.csproj", "{46016739-A04F-4C3A-852F-5F7AE00A3C69}"
EndProject
Global
	GlobalSection(SolutionConfigurationPlatforms) = preSolution
		Debug|Any CPU = Debug|Any CPU
		Release|Any CPU = Release|Any CPU
	EndGlobalSection
	GlobalSection(ProjectConfigurationPlatforms) = postSolution
		{46016739-A04F-4C3A-852F-5F7AE00A3C69}.Debug|Any CPU.ActiveCfg = Debug|Any CPU
		{46016739-A04F-4C3A-852F-5F7AE00A3C69}.Debug|Any CPU.Build.0 = Debug|Any CPU
		{46016739-A04F-4C3A-852F-5F7AE00A3C69}.Release|Any CPU.ActiveCfg = Release|Any CPU
		{46016739-A04F-4C3A-852F-5F7AE00A3C69}.Release|Any CPU.Build.0 = Release|Any CPU
	EndGlobalSection
	GlobalSection(SolutionProperties) = preSolution
		HideSolutionNode = FALSE
	EndGlobalSection
EndGlobal
