
Microsoft Visual Studio Solution File, Format Version 12.00
# Visual Studio Version 16
VisualStudioVersion = 16.0.29102.190
MinimumVisualStudioVersion = 10.0.40219.1
Project("{8BC9CEB8-8B4A-11D0-8D11-00A0C91BC942}") = "NativeHost.vs", "NativeHost\NativeHost.vs.vcxproj", "{B99BC289-621D-4DB6-A964-2D869F8E0DD3}"
EndProject
Project("{9A19103F-16F7-4668-BE54-9A1E7A4F7556}") = "DotNetLib", "DotNetLib\DotNetLib.csproj", "{89ED1849-4F94-4641-8517-15D3CC5964E5}"
EndProject
Project("{2150E333-8FDC-42A3-9474-1A3956D46DE8}") = "build", "build", "{91651AB7-F670-48A0-8681-8167891611A8}"
EndProject
Project("{9A19103F-16F7-4668-BE54-9A1E7A4F7556}") = "NativeHost", "NativeHost\NativeHost.csproj", "{0A829E27-48E8-4A1E-BD69-74A2DCFC87C7}"
EndProject
Global
	GlobalSection(SolutionConfigurationPlatforms) = preSolution
		Debug|Any CPU = Debug|Any CPU
		Debug|x64 = Debug|x64
		Debug|x86 = Debug|x86
		Release|Any CPU = Release|Any CPU
		Release|x64 = Release|x64
		Release|x86 = Release|x86
	EndGlobalSection
	GlobalSection(ProjectConfigurationPlatforms) = postSolution
		{B99BC289-621D-4DB6-A964-2D869F8E0DD3}.Debug|Any CPU.ActiveCfg = Debug|Win32
		{B99BC289-621D-4DB6-A964-2D869F8E0DD3}.Debug|x64.ActiveCfg = Debug|x64
		{B99BC289-621D-4DB6-A964-2D869F8E0DD3}.Debug|x86.ActiveCfg = Debug|Win32
		{B99BC289-621D-4DB6-A964-2D869F8E0DD3}.Release|Any CPU.ActiveCfg = Release|Win32
		{B99BC289-621D-4DB6-A964-2D869F8E0DD3}.Release|x64.ActiveCfg = Release|x64
		{B99BC289-621D-4DB6-A964-2D869F8E0DD3}.Release|x64.Build.0 = Release|x64
		{B99BC289-621D-4DB6-A964-2D869F8E0DD3}.Release|x86.ActiveCfg = Release|Win32
		{B99BC289-621D-4DB6-A964-2D869F8E0DD3}.Release|x86.Build.0 = Release|Win32
		{89ED1849-4F94-4641-8517-15D3CC5964E5}.Debug|Any CPU.ActiveCfg = Debug|Any CPU
		{89ED1849-4F94-4641-8517-15D3CC5964E5}.Debug|Any CPU.Build.0 = Debug|Any CPU
		{89ED1849-4F94-4641-8517-15D3CC5964E5}.Debug|x64.ActiveCfg = Debug|Any CPU
		{89ED1849-4F94-4641-8517-15D3CC5964E5}.Debug|x64.Build.0 = Debug|Any CPU
		{89ED1849-4F94-4641-8517-15D3CC5964E5}.Debug|x86.ActiveCfg = Debug|Any CPU
		{89ED1849-4F94-4641-8517-15D3CC5964E5}.Debug|x86.Build.0 = Debug|Any CPU
		{89ED1849-4F94-4641-8517-15D3CC5964E5}.Release|Any CPU.ActiveCfg = Release|Any CPU
		{89ED1849-4F94-4641-8517-15D3CC5964E5}.Release|Any CPU.Build.0 = Release|Any CPU
		{89ED1849-4F94-4641-8517-15D3CC5964E5}.Release|x64.ActiveCfg = Release|Any CPU
		{89ED1849-4F94-4641-8517-15D3CC5964E5}.Release|x64.Build.0 = Release|Any CPU
		{89ED1849-4F94-4641-8517-15D3CC5964E5}.Release|x86.ActiveCfg = Release|Any CPU
		{89ED1849-4F94-4641-8517-15D3CC5964E5}.Release|x86.Build.0 = Release|Any CPU
		{0A829E27-48E8-4A1E-BD69-74A2DCFC87C7}.Debug|Any CPU.ActiveCfg = Debug|Any CPU
		{0A829E27-48E8-4A1E-BD69-74A2DCFC87C7}.Debug|Any CPU.Build.0 = Debug|Any CPU
		{0A829E27-48E8-4A1E-BD69-74A2DCFC87C7}.Debug|x64.ActiveCfg = Debug|Any CPU
		{0A829E27-48E8-4A1E-BD69-74A2DCFC87C7}.Debug|x64.Build.0 = Debug|Any CPU
		{0A829E27-48E8-4A1E-BD69-74A2DCFC87C7}.Debug|x86.ActiveCfg = Debug|Any CPU
		{0A829E27-48E8-4A1E-BD69-74A2DCFC87C7}.Debug|x86.Build.0 = Debug|Any CPU
		{0A829E27-48E8-4A1E-BD69-74A2DCFC87C7}.Release|Any CPU.ActiveCfg = Release|Any CPU
		{0A829E27-48E8-4A1E-BD69-74A2DCFC87C7}.Release|Any CPU.Build.0 = Release|Any CPU
		{0A829E27-48E8-4A1E-BD69-74A2DCFC87C7}.Release|x64.ActiveCfg = Release|Any CPU
		{0A829E27-48E8-4A1E-BD69-74A2DCFC87C7}.Release|x64.Build.0 = Release|Any CPU
		{0A829E27-48E8-4A1E-BD69-74A2DCFC87C7}.Release|x86.ActiveCfg = Release|Any CPU
		{0A829E27-48E8-4A1E-BD69-74A2DCFC87C7}.Release|x86.Build.0 = Release|Any CPU
	EndGlobalSection
	GlobalSection(SolutionProperties) = preSolution
		HideSolutionNode = FALSE
	EndGlobalSection
	GlobalSection(NestedProjects) = preSolution
		{0A829E27-48E8-4A1E-BD69-74A2DCFC87C7} = {91651AB7-F670-48A0-8681-8167891611A8}
	EndGlobalSection
	GlobalSection(ExtensibilityGlobals) = postSolution
		SolutionGuid = {1B7D225D-23AB-40FB-8513-CEB1E9F31091}
	EndGlobalSection
EndGlobal
