
Microsoft Visual Studio Solution File, Format Version 12.00
# Visual Studio 2012
Project("{8BC9CEB8-8B4A-11D0-8D11-00A0C91BC942}") = "WRLMake", "WRLMake\WRLMake.vcxproj", "{15D490A3-C4E9-4429-9831-C4478787B808}"
EndProject
Global
	GlobalSection(SolutionConfigurationPlatforms) = preSolution
		Debug|Win32 = Debug|Win32
		Release|Win32 = Release|Win32
	EndGlobalSection
	GlobalSection(ProjectConfigurationPlatforms) = postSolution
		{15D490A3-C4E9-4429-9831-C4478787B808}.Debug|Win32.ActiveCfg = Debug|Win32
		{15D490A3-C4E9-4429-9831-C4478787B808}.Debug|Win32.Build.0 = Debug|Win32
		{15D490A3-C4E9-4429-9831-C4478787B808}.Release|Win32.ActiveCfg = Release|Win32
		{15D490A3-C4E9-4429-9831-C4478787B808}.Release|Win32.Build.0 = Release|Win32
	EndGlobalSection
	GlobalSection(SolutionProperties) = preSolution
		HideSolutionNode = FALSE
	EndGlobalSection
EndGlobal
