
Microsoft Visual Studio Solution File, Format Version 12.00
# Visual Studio Version 17
VisualStudioVersion = 17.4.33103.184
MinimumVisualStudioVersion = 10.0.40219.1
Project("{9A19103F-16F7-4668-BE54-9A1E7A4F7556}") = "example", "example\example.csproj", "{DA5A1A89-DCD4-4F40-8F00-C325E973B53E}"
EndProject
Global
	GlobalSection(SolutionConfigurationPlatforms) = preSolution
		Debug|Any CPU = Debug|Any CPU
		Release|Any CPU = Release|Any CPU
	EndGlobalSection
	GlobalSection(ProjectConfigurationPlatforms) = postSolution
		{DA5A1A89-DCD4-4F40-8F00-C325E973B53E}.Debug|Any CPU.ActiveCfg = Debug|Any CPU
		{DA5A1A89-DCD4-4F40-8F00-C325E973B53E}.Debug|Any CPU.Build.0 = Debug|Any CPU
		{DA5A1A89-DCD4-4F40-8F00-C325E973B53E}.Release|Any CPU.ActiveCfg = Release|Any CPU
		{DA5A1A89-DCD4-4F40-8F00-C325E973B53E}.Release|Any CPU.Build.0 = Release|Any CPU
	EndGlobalSection
	GlobalSection(SolutionProperties) = preSolution
		HideSolutionNode = FALSE
	EndGlobalSection
	GlobalSection(ExtensibilityGlobals) = postSolution
		SolutionGuid = {352052FB-0B7F-461A-8F5F-5809B5837812}
	EndGlobalSection
EndGlobal
