
Microsoft Visual Studio Solution File, Format Version 12.00
# Visual Studio Version 17
VisualStudioVersion = 17.0.32014.148
MinimumVisualStudioVersion = 10.0.40219.1
Project("{FAE04EC0-301F-11D3-BF4B-00C04F79EFBC}") = "WebSiteRatings", "WebSiteRatings\WebSiteRatings.csproj", "{A81C8D30-C7B1-47B8-A361-69E6BFFDA94D}"
EndProject
Project("{FAE04EC0-301F-11D3-BF4B-00C04F79EFBC}") = "StarVoteControl", "StarVoteControl\StarVoteControl.csproj", "{017DDFB1-F6D9-47DF-8239-EDF096ADF7AE}"
EndProject
Global
	GlobalSection(SolutionConfigurationPlatforms) = preSolution
		Debug|Any CPU = Debug|Any CPU
		Release|Any CPU = Release|Any CPU
	EndGlobalSection
	GlobalSection(ProjectConfigurationPlatforms) = postSolution
		{A81C8D30-C7B1-47B8-A361-69E6BFFDA94D}.Debug|Any CPU.ActiveCfg = Debug|Any CPU
		{A81C8D30-C7B1-47B8-A361-69E6BFFDA94D}.Debug|Any CPU.Build.0 = Debug|Any CPU
		{A81C8D30-C7B1-47B8-A361-69E6BFFDA94D}.Release|Any CPU.ActiveCfg = Release|Any CPU
		{A81C8D30-C7B1-47B8-A361-69E6BFFDA94D}.Release|Any CPU.Build.0 = Release|Any CPU
		{017DDFB1-F6D9-47DF-8239-EDF096ADF7AE}.Debug|Any CPU.ActiveCfg = Debug|Any CPU
		{017DDFB1-F6D9-47DF-8239-EDF096ADF7AE}.Debug|Any CPU.Build.0 = Debug|Any CPU
		{017DDFB1-F6D9-47DF-8239-EDF096ADF7AE}.Release|Any CPU.ActiveCfg = Release|Any CPU
		{017DDFB1-F6D9-47DF-8239-EDF096ADF7AE}.Release|Any CPU.Build.0 = Release|Any CPU
	EndGlobalSection
	GlobalSection(SolutionProperties) = preSolution
		HideSolutionNode = FALSE
	EndGlobalSection
	GlobalSection(ExtensibilityGlobals) = postSolution
		SolutionGuid = {17ABD217-1BFF-4969-AD70-16A7B007C10E}
	EndGlobalSection
EndGlobal
