
Microsoft Visual Studio Solution File, Format Version 11.00
# Visual Studio 10
Project("{F184B08F-C81C-45F6-A57F-5ABD9991F28F}") = "AdornersMiscCode", "AdornersMiscCode.vbproj", "{EBD6662E-7DCC-439C-872A-5C9846264604}"
EndProject
Global
	GlobalSection(SolutionConfigurationPlatforms) = preSolution
		Debug|Any CPU = Debug|Any CPU
		Release|Any CPU = Release|Any CPU
	EndGlobalSection
	GlobalSection(ProjectConfigurationPlatforms) = postSolution
		{EBD6662E-7DCC-439C-872A-5C9846264604}.Debug|Any CPU.ActiveCfg = Debug|Any CPU
		{EBD6662E-7DCC-439C-872A-5C9846264604}.Debug|Any CPU.Build.0 = Debug|Any CPU
		{EBD6662E-7DCC-439C-872A-5C9846264604}.Release|Any CPU.ActiveCfg = Release|Any CPU
		{EBD6662E-7DCC-439C-872A-5C9846264604}.Release|Any CPU.Build.0 = Release|Any CPU
	EndGlobalSection
	GlobalSection(SolutionProperties) = preSolution
		HideSolutionNode = FALSE
	EndGlobalSection
EndGlobal
