
Microsoft Visual Studio Solution File, Format Version 11.00
# Visual Studio 2010
Project("{FAE04EC0-301F-11D3-BF4B-00C04F79EFBC}") = "PropertyMappingWithWfh", "PropertyMappingWithWfh\PropertyMappingWithWfh.csproj", "{FAEB08AB-FB11-4F33-90BF-1B165D5CB873}"
EndProject
Global
	GlobalSection(SolutionConfigurationPlatforms) = preSolution
		Debug|Any CPU = Debug|Any CPU
		Release|Any CPU = Release|Any CPU
	EndGlobalSection
	GlobalSection(ProjectConfigurationPlatforms) = postSolution
		{FAEB08AB-FB11-4F33-90BF-1B165D5CB873}.Debug|Any CPU.ActiveCfg = Debug|Any CPU
		{FAEB08AB-FB11-4F33-90BF-1B165D5CB873}.Debug|Any CPU.Build.0 = Debug|Any CPU
		{FAEB08AB-FB11-4F33-90BF-1B165D5CB873}.Release|Any CPU.ActiveCfg = Release|Any CPU
		{FAEB08AB-FB11-4F33-90BF-1B165D5CB873}.Release|Any CPU.Build.0 = Release|Any CPU
	EndGlobalSection
	GlobalSection(SolutionProperties) = preSolution
		HideSolutionNode = FALSE
	EndGlobalSection
EndGlobal
