
Microsoft Visual Studio Solution File, Format Version 12.00
# Visual Studio Version 17
VisualStudioVersion = 17.2.32630.192
MinimumVisualStudioVersion = 10.0.40219.1
Project("{9A19103F-16F7-4668-BE54-9A1E7A4F7556}") = "channels", "channels.csproj", "{FE19C199-9BAA-4831-88B6-CE06DC7A4B31}"
EndProject
Global
	GlobalSection(SolutionConfigurationPlatforms) = preSolution
		Debug|Any CPU = Debug|Any CPU
		Release|Any CPU = Release|Any CPU
	EndGlobalSection
	GlobalSection(ProjectConfigurationPlatforms) = postSolution
		{FE19C199-9BAA-4831-88B6-CE06DC7A4B31}.Debug|Any CPU.ActiveCfg = Debug|Any CPU
		{FE19C199-9BAA-4831-88B6-CE06DC7A4B31}.Debug|Any CPU.Build.0 = Debug|Any CPU
		{FE19C199-9BAA-4831-88B6-CE06DC7A4B31}.Release|Any CPU.ActiveCfg = Release|Any CPU
		{FE19C199-9BAA-4831-88B6-CE06DC7A4B31}.Release|Any CPU.Build.0 = Release|Any CPU
	EndGlobalSection
	GlobalSection(SolutionProperties) = preSolution
		HideSolutionNode = FALSE
	EndGlobalSection
	GlobalSection(ExtensibilityGlobals) = postSolution
		SolutionGuid = {6442E55A-2990-413D-8E91-54230539E03C}
	EndGlobalSection
EndGlobal
