
Microsoft Visual Studio Solution File, Format Version 12.00
# Visual Studio 15
VisualStudioVersion = 15.0.26124.0
MinimumVisualStudioVersion = 15.0.26124.0
Project("{FAE04EC0-301F-11D3-BF4B-00C04F79EFBC}") = "ConstructionCS", "ConstructionCS\ConstructionCS.csproj", "{A9BDD3DB-BD15-45B1-9290-9CA0896A3371}"
EndProject
Project("{FAE04EC0-301F-11D3-BF4B-00C04F79EFBC}") = "TransformationCS", "TransformationCS\TransformationCS.csproj", "{09A38DCC-6AC5-4CCE-8B38-CCE2FB281F7C}"
EndProject
Global
	GlobalSection(SolutionConfigurationPlatforms) = preSolution
		Debug|Any CPU = Debug|Any CPU
		Debug|x64 = Debug|x64
		Debug|x86 = Debug|x86
		Release|Any CPU = Release|Any CPU
		Release|x64 = Release|x64
		Release|x86 = Release|x86
	EndGlobalSection
	GlobalSection(SolutionProperties) = preSolution
		HideSolutionNode = FALSE
	EndGlobalSection
	GlobalSection(ProjectConfigurationPlatforms) = postSolution
		{A9BDD3DB-BD15-45B1-9290-9CA0896A3371}.Debug|Any CPU.ActiveCfg = Debug|Any CPU
		{A9BDD3DB-BD15-45B1-9290-9CA0896A3371}.Debug|Any CPU.Build.0 = Debug|Any CPU
		{A9BDD3DB-BD15-45B1-9290-9CA0896A3371}.Debug|x64.ActiveCfg = Debug|Any CPU
		{A9BDD3DB-BD15-45B1-9290-9CA0896A3371}.Debug|x64.Build.0 = Debug|Any CPU
		{A9BDD3DB-BD15-45B1-9290-9CA0896A3371}.Debug|x86.ActiveCfg = Debug|Any CPU
		{A9BDD3DB-BD15-45B1-9290-9CA0896A3371}.Debug|x86.Build.0 = Debug|Any CPU
		{A9BDD3DB-BD15-45B1-9290-9CA0896A3371}.Release|Any CPU.ActiveCfg = Release|Any CPU
		{A9BDD3DB-BD15-45B1-9290-9CA0896A3371}.Release|Any CPU.Build.0 = Release|Any CPU
		{A9BDD3DB-BD15-45B1-9290-9CA0896A3371}.Release|x64.ActiveCfg = Release|Any CPU
		{A9BDD3DB-BD15-45B1-9290-9CA0896A3371}.Release|x64.Build.0 = Release|Any CPU
		{A9BDD3DB-BD15-45B1-9290-9CA0896A3371}.Release|x86.ActiveCfg = Release|Any CPU
		{A9BDD3DB-BD15-45B1-9290-9CA0896A3371}.Release|x86.Build.0 = Release|Any CPU
		{09A38DCC-6AC5-4CCE-8B38-CCE2FB281F7C}.Debug|Any CPU.ActiveCfg = Debug|Any CPU
		{09A38DCC-6AC5-4CCE-8B38-CCE2FB281F7C}.Debug|Any CPU.Build.0 = Debug|Any CPU
		{09A38DCC-6AC5-4CCE-8B38-CCE2FB281F7C}.Debug|x64.ActiveCfg = Debug|Any CPU
		{09A38DCC-6AC5-4CCE-8B38-CCE2FB281F7C}.Debug|x64.Build.0 = Debug|Any CPU
		{09A38DCC-6AC5-4CCE-8B38-CCE2FB281F7C}.Debug|x86.ActiveCfg = Debug|Any CPU
		{09A38DCC-6AC5-4CCE-8B38-CCE2FB281F7C}.Debug|x86.Build.0 = Debug|Any CPU
		{09A38DCC-6AC5-4CCE-8B38-CCE2FB281F7C}.Release|Any CPU.ActiveCfg = Release|Any CPU
		{09A38DCC-6AC5-4CCE-8B38-CCE2FB281F7C}.Release|Any CPU.Build.0 = Release|Any CPU
		{09A38DCC-6AC5-4CCE-8B38-CCE2FB281F7C}.Release|x64.ActiveCfg = Release|Any CPU
		{09A38DCC-6AC5-4CCE-8B38-CCE2FB281F7C}.Release|x64.Build.0 = Release|Any CPU
		{09A38DCC-6AC5-4CCE-8B38-CCE2FB281F7C}.Release|x86.ActiveCfg = Release|Any CPU
		{09A38DCC-6AC5-4CCE-8B38-CCE2FB281F7C}.Release|x86.Build.0 = Release|Any CPU
	EndGlobalSection
EndGlobal
