
Microsoft Visual Studio Solution File, Format Version 11.00
# Visual Studio 2010
Project("{FAE04EC0-301F-11D3-BF4B-00C04F79EFBC}") = "FindTextClient", "FindTextClient.csproj", "{71C6A45A-7307-444B-89F7-38EE71E79513}"
EndProject
Project("{FAE04EC0-301F-11D3-BF4B-00C04F79EFBC}") = "TextProvider", "TextProvider.csproj", "{ED603E68-7A01-404A-B2F1-770D6A136B30}"
EndProject
Global
	GlobalSection(SolutionConfigurationPlatforms) = preSolution
		Debug|Any CPU = Debug|Any CPU
		Release|Any CPU = Release|Any CPU
	EndGlobalSection
	GlobalSection(ProjectConfigurationPlatforms) = postSolution
		{71C6A45A-7307-444B-89F7-38EE71E79513}.Debug|Any CPU.ActiveCfg = Debug|Any CPU
		{71C6A45A-7307-444B-89F7-38EE71E79513}.Debug|Any CPU.Build.0 = Debug|Any CPU
		{71C6A45A-7307-444B-89F7-38EE71E79513}.Release|Any CPU.ActiveCfg = Release|Any CPU
		{71C6A45A-7307-444B-89F7-38EE71E79513}.Release|Any CPU.Build.0 = Release|Any CPU
		{ED603E68-7A01-404A-B2F1-770D6A136B30}.Debug|Any CPU.ActiveCfg = Debug|Any CPU
		{ED603E68-7A01-404A-B2F1-770D6A136B30}.Debug|Any CPU.Build.0 = Debug|Any CPU
		{ED603E68-7A01-404A-B2F1-770D6A136B30}.Release|Any CPU.ActiveCfg = Release|Any CPU
		{ED603E68-7A01-404A-B2F1-770D6A136B30}.Release|Any CPU.Build.0 = Release|Any CPU
	EndGlobalSection
	GlobalSection(SolutionProperties) = preSolution
		HideSolutionNode = FALSE
	EndGlobalSection
EndGlobal
