
Microsoft Visual Studio Solution File, Format Version 10.00
# Visual Studio Codename Orcas
Project("{FAE04EC0-301F-11D3-BF4B-00C04F79EFBC}") = "OperationInfo", "OperationInfo.csproj", "{A925D8FF-60B3-4C31-A368-90A3ADDDB008}"
EndProject
Global
	GlobalSection(SolutionConfigurationPlatforms) = preSolution
		Debug|Any CPU = Debug|Any CPU
		Release|Any CPU = Release|Any CPU
	EndGlobalSection
	GlobalSection(ProjectConfigurationPlatforms) = postSolution
		{A925D8FF-60B3-4C31-A368-90A3ADDDB008}.Debug|Any CPU.ActiveCfg = Debug|Any CPU
		{A925D8FF-60B3-4C31-A368-90A3ADDDB008}.Debug|Any CPU.Build.0 = Debug|Any CPU
		{A925D8FF-60B3-4C31-A368-90A3ADDDB008}.Release|Any CPU.ActiveCfg = Release|Any CPU
		{A925D8FF-60B3-4C31-A368-90A3ADDDB008}.Release|Any CPU.Build.0 = Release|Any CPU
	EndGlobalSection
	GlobalSection(SolutionProperties) = preSolution
		HideSolutionNode = FALSE
	EndGlobalSection
EndGlobal
