
Microsoft Visual Studio Solution File, Format Version 12.00
# Visual Studio 15
VisualStudioVersion = 15.0.26131.1
MinimumVisualStudioVersion = 10.0.40219.1
Project("{9A19103F-16F7-4668-BE54-9A1E7A4F7556}") = "PrimeService", "PrimeService\PrimeService.csproj", "{20E7DACF-3032-4CD2-80BA-2D230FADF6AB}"
EndProject
Project("{9A19103F-16F7-4668-BE54-9A1E7A4F7556}") = "PrimeService.Tests", "PrimeService.Tests\PrimeService.Tests.csproj", "{97614B47-52B6-48C2-98E0-3DCE6A07CDA0}"
EndProject
Global
	GlobalSection(SolutionConfigurationPlatforms) = preSolution
		Debug|Any CPU = Debug|Any CPU
		Debug|x64 = Debug|x64
		Debug|x86 = Debug|x86
		Release|Any CPU = Release|Any CPU
		Release|x64 = Release|x64
		Release|x86 = Release|x86
	EndGlobalSection
	GlobalSection(ProjectConfigurationPlatforms) = postSolution
		{20E7DACF-3032-4CD2-80BA-2D230FADF6AB}.Debug|Any CPU.ActiveCfg = Debug|Any CPU
		{20E7DACF-3032-4CD2-80BA-2D230FADF6AB}.Debug|Any CPU.Build.0 = Debug|Any CPU
		{20E7DACF-3032-4CD2-80BA-2D230FADF6AB}.Debug|x64.ActiveCfg = Debug|x64
		{20E7DACF-3032-4CD2-80BA-2D230FADF6AB}.Debug|x64.Build.0 = Debug|x64
		{20E7DACF-3032-4CD2-80BA-2D230FADF6AB}.Debug|x86.ActiveCfg = Debug|x86
		{20E7DACF-3032-4CD2-80BA-2D230FADF6AB}.Debug|x86.Build.0 = Debug|x86
		{20E7DACF-3032-4CD2-80BA-2D230FADF6AB}.Release|Any CPU.ActiveCfg = Release|Any CPU
		{20E7DACF-3032-4CD2-80BA-2D230FADF6AB}.Release|Any CPU.Build.0 = Release|Any CPU
		{20E7DACF-3032-4CD2-80BA-2D230FADF6AB}.Release|x64.ActiveCfg = Release|x64
		{20E7DACF-3032-4CD2-80BA-2D230FADF6AB}.Release|x64.Build.0 = Release|x64
		{20E7DACF-3032-4CD2-80BA-2D230FADF6AB}.Release|x86.ActiveCfg = Release|x86
		{20E7DACF-3032-4CD2-80BA-2D230FADF6AB}.Release|x86.Build.0 = Release|x86
		{97614B47-52B6-48C2-98E0-3DCE6A07CDA0}.Debug|Any CPU.ActiveCfg = Debug|Any CPU
		{97614B47-52B6-48C2-98E0-3DCE6A07CDA0}.Debug|Any CPU.Build.0 = Debug|Any CPU
		{97614B47-52B6-48C2-98E0-3DCE6A07CDA0}.Debug|x64.ActiveCfg = Debug|x64
		{97614B47-52B6-48C2-98E0-3DCE6A07CDA0}.Debug|x64.Build.0 = Debug|x64
		{97614B47-52B6-48C2-98E0-3DCE6A07CDA0}.Debug|x86.ActiveCfg = Debug|x86
		{97614B47-52B6-48C2-98E0-3DCE6A07CDA0}.Debug|x86.Build.0 = Debug|x86
		{97614B47-52B6-48C2-98E0-3DCE6A07CDA0}.Release|Any CPU.ActiveCfg = Release|Any CPU
		{97614B47-52B6-48C2-98E0-3DCE6A07CDA0}.Release|Any CPU.Build.0 = Release|Any CPU
		{97614B47-52B6-48C2-98E0-3DCE6A07CDA0}.Release|x64.ActiveCfg = Release|x64
		{97614B47-52B6-48C2-98E0-3DCE6A07CDA0}.Release|x64.Build.0 = Release|x64
		{97614B47-52B6-48C2-98E0-3DCE6A07CDA0}.Release|x86.ActiveCfg = Release|x86
		{97614B47-52B6-48C2-98E0-3DCE6A07CDA0}.Release|x86.Build.0 = Release|x86
	EndGlobalSection
	GlobalSection(SolutionProperties) = preSolution
		HideSolutionNode = FALSE
	EndGlobalSection
EndGlobal
