<?xml version="1.0" encoding="utf-8"?>
<Project ToolsVersion="4.0" xmlns="http://schemas.microsoft.com/developer/msbuild/2003">
  <ItemGroup>
    <Filter Include="Header Files">
      <UniqueIdentifier>{93995380-89BD-4b04-88EB-625FBE52EBFB}</UniqueIdentifier>
      <Extensions>h;hpp;hxx;hm;inl;inc;xsd</Extensions>
    </Filter>
    <Filter Include="Resource Files">
      <UniqueIdentifier>{67DA6AB6-F800-4c08-8B7A-83BB121AAD01}</UniqueIdentifier>
      <Extensions>rc;ico;cur;bmp;dlg;rc2;rct;bin;rgs;gif;jpg;jpeg;jpe;resx;tiff;tif;png;wav</Extensions>
    </Filter>
    <Filter Include="Source Files">
      <UniqueIdentifier>{4FC737F1-C7A5-4376-A066-2A32D752A2FF}</UniqueIdentifier>
      <Extensions>cpp;c;cc;cxx;def;odl;idl;hpj;bat;asm;asmx</Extensions>
    </Filter>
  </ItemGroup>
  <ItemGroup>
    <ClCompile Include="ExplorerBar.cpp">
      <Filter>Source Files</Filter>
    </ClCompile>
    <ClCompile Include="FavoritesManager.cpp">
      <Filter>Source Files</Filter>
    </ClCompile>
    <ClCompile Include="HistoryObj.cpp">
      <Filter>Source Files</Filter>
    </ClCompile>
    <ClCompile Include="IEDemo.cpp">
      <Filter>Source Files</Filter>
    </ClCompile>
    <ClCompile Include="IEDemoDoc.cpp">
      <Filter>Source Files</Filter>
    </ClCompile>
    <ClCompile Include="IEDemoView.cpp">
      <Filter>Source Files</Filter>
    </ClCompile>
    <ClCompile Include="LinkButton.cpp">
      <Filter>Source Files</Filter>
    </ClCompile>
    <ClCompile Include="LinksBar.cpp">
      <Filter>Source Files</Filter>
    </ClCompile>
    <ClCompile Include="MainFrm.cpp">
      <Filter>Source Files</Filter>
    </ClCompile>
    <ClCompile Include="stdafx.cpp">
      <Filter>Source Files</Filter>
    </ClCompile>
  </ItemGroup>
  <ItemGroup>
    <ClInclude Include="ExplorerBar.h">
      <Filter>Header Files</Filter>
    </ClInclude>
    <ClInclude Include="FavoritesManager.h">
      <Filter>Header Files</Filter>
    </ClInclude>
    <ClInclude Include="HistoryObj.h">
      <Filter>Header Files</Filter>
    </ClInclude>
    <ClInclude Include="IEDemo.h">
      <Filter>Header Files</Filter>
    </ClInclude>
    <ClInclude Include="IEDemoDoc.h">
      <Filter>Header Files</Filter>
    </ClInclude>
    <ClInclude Include="IEDemoView.h">
      <Filter>Header Files</Filter>
    </ClInclude>
    <ClInclude Include="LinkButton.h">
      <Filter>Header Files</Filter>
    </ClInclude>
    <ClInclude Include="LinksBar.h">
      <Filter>Header Files</Filter>
    </ClInclude>
    <ClInclude Include="MainFrm.h">
      <Filter>Header Files</Filter>
    </ClInclude>
    <ClInclude Include="Resource.h">
      <Filter>Header Files</Filter>
    </ClInclude>
    <ClInclude Include="stdafx.h">
      <Filter>Header Files</Filter>
    </ClInclude>
    <ClInclude Include="targetver.h">
      <Filter>Header Files</Filter>
    </ClInclude>
  </ItemGroup>
  <ItemGroup>
    <None Include="ReadMe.htm" />
    <None Include="res\coldtool.bmp">
      <Filter>Resource Files</Filter>
    </None>
    <None Include="res\hottoolb.bmp">
      <Filter>Resource Files</Filter>
    </None>
    <None Include="res\IEDemo.ico">
      <Filter>Resource Files</Filter>
    </None>
    <None Include="res\IEDemo.rc2">
      <Filter>Resource Files</Filter>
    </None>
    <None Include="res\IEDemoDoc.ico">
      <Filter>Resource Files</Filter>
    </None>
    <None Include="res\image_col.bmp">
      <Filter>Resource Files</Filter>
    </None>
    <None Include="res\image_small.bmp">
      <Filter>Resource Files</Filter>
    </None>
    <None Include="res\menu_images_16.bmp">
      <Filter>Resource Files</Filter>
    </None>
    <None Include="res\menu_img.bmp">
      <Filter>Resource Files</Filter>
    </None>
    <None Include="res\status_a.bmp">
      <Filter>Resource Files</Filter>
    </None>
    <None Include="res\status_r.bmp">
      <Filter>Resource Files</Filter>
    </None>
    <None Include="res\Toolbar.bmp">
      <Filter>Resource Files</Filter>
    </None>
    <None Include="res\toolbar1.bmp">
      <Filter>Resource Files</Filter>
    </None>
  </ItemGroup>
  <ItemGroup>
    <ResourceCompile Include="IEDemo.rc">
      <Filter>Resource Files</Filter>
    </ResourceCompile>
  </ItemGroup>
</Project>