
Microsoft Visual Studio Solution File, Format Version 10.00
# Visual Studio 2008
Project("{F184B08F-C81C-45F6-A57F-5ABD9991F28F}") = "StrokeSnippets_VB", "StrokeSnippets_VB.vbproj", "{EE49F5FB-15F5-4A91-9BF9-2E77961F5CCA}"
EndProject
Global
	GlobalSection(SolutionConfigurationPlatforms) = preSolution
		Debug|Any CPU = Debug|Any CPU
		Release|Any CPU = Release|Any CPU
	EndGlobalSection
	GlobalSection(ProjectConfigurationPlatforms) = postSolution
		{EE49F5FB-15F5-4A91-9BF9-2E77961F5CCA}.Debug|Any CPU.ActiveCfg = Debug|Any CPU
		{EE49F5FB-15F5-4A91-9BF9-2E77961F5CCA}.Debug|Any CPU.Build.0 = Debug|Any CPU
		{EE49F5FB-15F5-4A91-9BF9-2E77961F5CCA}.Release|Any CPU.ActiveCfg = Release|Any CPU
		{EE49F5FB-15F5-4A91-9BF9-2E77961F5CCA}.Release|Any CPU.Build.0 = Release|Any CPU
	EndGlobalSection
	GlobalSection(SolutionProperties) = preSolution
		HideSolutionNode = FALSE
	EndGlobalSection
EndGlobal
