
Microsoft Visual Studio Solution File, Format Version 11.00
# Visual Studio 2010
Project("{F184B08F-C81C-45F6-A57F-5ABD9991F28F}") = "HostingWfWithVisualStyles", "HostingWfWithVisualStyles\HostingWfWithVisualStyles.vbproj", "{2F69E256-A017-4784-9C06-7A11CDDF5072}"
EndProject
Global
	GlobalSection(SolutionConfigurationPlatforms) = preSolution
		Debug|Any CPU = Debug|Any CPU
		Release|Any CPU = Release|Any CPU
	EndGlobalSection
	GlobalSection(ProjectConfigurationPlatforms) = postSolution
		{2F69E256-A017-4784-9C06-7A11CDDF5072}.Debug|Any CPU.ActiveCfg = Debug|Any CPU
		{2F69E256-A017-4784-9C06-7A11CDDF5072}.Debug|Any CPU.Build.0 = Debug|Any CPU
		{2F69E256-A017-4784-9C06-7A11CDDF5072}.Release|Any CPU.ActiveCfg = Release|Any CPU
		{2F69E256-A017-4784-9C06-7A11CDDF5072}.Release|Any CPU.Build.0 = Release|Any CPU
	EndGlobalSection
	GlobalSection(SolutionProperties) = preSolution
		HideSolutionNode = FALSE
	EndGlobalSection
EndGlobal
