
Microsoft Visual Studio Solution File, Format Version 12.00
# Visual Studio Version 17
VisualStudioVersion = 17.5.33402.96
MinimumVisualStudioVersion = 10.0.40219.1
Project("{9A19103F-16F7-4668-BE54-9A1E7A4F7556}") = "XUnit.Project", "XUnit.TestProject\XUnit.Project.csproj", "{D83A050B-0EB0-4F71-B8BC-484B6F9D190F}"
EndProject
Project("{9A19103F-16F7-4668-BE54-9A1E7A4F7556}") = "MSTest.Project", "MSTest.Project\MSTest.Project.csproj", "{0E96EEEE-5C73-4AA9-B8E6-D6B9228776DB}"
EndProject
Project("{9A19103F-16F7-4668-BE54-9A1E7A4F7556}") = "NUnit.Project", "NUnit.TestProject\NUnit.Project.csproj", "{954712AC-0658-46BE-950A-A77B3CAB60E1}"
EndProject
Global
	GlobalSection(SolutionConfigurationPlatforms) = preSolution
		Debug|Any CPU = Debug|Any CPU
		Release|Any CPU = Release|Any CPU
	EndGlobalSection
	GlobalSection(ProjectConfigurationPlatforms) = postSolution
		{D83A050B-0EB0-4F71-B8BC-484B6F9D190F}.Debug|Any CPU.ActiveCfg = Debug|Any CPU
		{D83A050B-0EB0-4F71-B8BC-484B6F9D190F}.Debug|Any CPU.Build.0 = Debug|Any CPU
		{D83A050B-0EB0-4F71-B8BC-484B6F9D190F}.Release|Any CPU.ActiveCfg = Release|Any CPU
		{D83A050B-0EB0-4F71-B8BC-484B6F9D190F}.Release|Any CPU.Build.0 = Release|Any CPU
		{0E96EEEE-5C73-4AA9-B8E6-D6B9228776DB}.Debug|Any CPU.ActiveCfg = Debug|Any CPU
		{0E96EEEE-5C73-4AA9-B8E6-D6B9228776DB}.Debug|Any CPU.Build.0 = Debug|Any CPU
		{0E96EEEE-5C73-4AA9-B8E6-D6B9228776DB}.Release|Any CPU.ActiveCfg = Release|Any CPU
		{0E96EEEE-5C73-4AA9-B8E6-D6B9228776DB}.Release|Any CPU.Build.0 = Release|Any CPU
		{954712AC-0658-46BE-950A-A77B3CAB60E1}.Debug|Any CPU.ActiveCfg = Debug|Any CPU
		{954712AC-0658-46BE-950A-A77B3CAB60E1}.Debug|Any CPU.Build.0 = Debug|Any CPU
		{954712AC-0658-46BE-950A-A77B3CAB60E1}.Release|Any CPU.ActiveCfg = Release|Any CPU
		{954712AC-0658-46BE-950A-A77B3CAB60E1}.Release|Any CPU.Build.0 = Release|Any CPU
	EndGlobalSection
	GlobalSection(SolutionProperties) = preSolution
		HideSolutionNode = FALSE
	EndGlobalSection
	GlobalSection(ExtensibilityGlobals) = postSolution
		SolutionGuid = {3360BBDC-050A-4118-9F96-39336C770989}
	EndGlobalSection
EndGlobal
