
Microsoft Visual Studio Solution File, Format Version 12.00
# Visual Studio 11
Project("{FAE04EC0-301F-11D3-BF4B-00C04F79EFBC}") = "WifCppWithCam", "WifCppWithCam\WifCppWithCam.csproj", "{D999D95E-3E34-4988-AA65-45C6F383D6C8}"
EndProject
Project("{FAE04EC0-301F-11D3-BF4B-00C04F79EFBC}") = "MyClaimsAuthorizationManager", "MyClaimsAuthorizationManager\MyClaimsAuthorizationManager.csproj", "{21660EB6-AF98-4F4E-BD27-E669BAC0B702}"
EndProject
Global
	GlobalSection(SolutionConfigurationPlatforms) = preSolution
		Debug|Any CPU = Debug|Any CPU
		Release|Any CPU = Release|Any CPU
	EndGlobalSection
	GlobalSection(ProjectConfigurationPlatforms) = postSolution
		{21660EB6-AF98-4F4E-BD27-E669BAC0B702}.Debug|Any CPU.ActiveCfg = Debug|Any CPU
		{21660EB6-AF98-4F4E-BD27-E669BAC0B702}.Debug|Any CPU.Build.0 = Debug|Any CPU
		{21660EB6-AF98-4F4E-BD27-E669BAC0B702}.Release|Any CPU.ActiveCfg = Release|Any CPU
		{21660EB6-AF98-4F4E-BD27-E669BAC0B702}.Release|Any CPU.Build.0 = Release|Any CPU
		{D999D95E-3E34-4988-AA65-45C6F383D6C8}.Debug|Any CPU.ActiveCfg = Debug|Any CPU
		{D999D95E-3E34-4988-AA65-45C6F383D6C8}.Debug|Any CPU.Build.0 = Debug|Any CPU
		{D999D95E-3E34-4988-AA65-45C6F383D6C8}.Release|Any CPU.ActiveCfg = Release|Any CPU
		{D999D95E-3E34-4988-AA65-45C6F383D6C8}.Release|Any CPU.Build.0 = Release|Any CPU
	EndGlobalSection
	GlobalSection(SolutionProperties) = preSolution
		HideSolutionNode = FALSE
	EndGlobalSection
EndGlobal
