
Microsoft Visual Studio Solution File, Format Version 12.00
# Visual Studio 15
VisualStudioVersion = 15.0.26124.0
MinimumVisualStudioVersion = 15.0.26124.0
Project("{FAE04EC0-301F-11D3-BF4B-00C04F79EFBC}") = "SimpleFeedReader", "SimpleFeedReader\SimpleFeedReader.csproj", "{1CD4D578-9B30-498C-85B6-1A6AE689E157}"
EndProject
Project("{FAE04EC0-301F-11D3-BF4B-00C04F79EFBC}") = "SimpleFeedReader.Tests", "SimpleFeedReader.Tests\SimpleFeedReader.Tests.csproj", "{4D17B171-9545-47D0-AFA9-B2689AA4EF9B}"
EndProject
Global
	GlobalSection(SolutionConfigurationPlatforms) = preSolution
		Debug|Any CPU = Debug|Any CPU
		Debug|x64 = Debug|x64
		Debug|x86 = Debug|x86
		Release|Any CPU = Release|Any CPU
		Release|x64 = Release|x64
		Release|x86 = Release|x86
	EndGlobalSection
	GlobalSection(SolutionProperties) = preSolution
		HideSolutionNode = FALSE
	EndGlobalSection
	GlobalSection(ProjectConfigurationPlatforms) = postSolution
		{1CD4D578-9B30-498C-85B6-1A6AE689E157}.Debug|Any CPU.ActiveCfg = Debug|Any CPU
		{1CD4D578-9B30-498C-85B6-1A6AE689E157}.Debug|Any CPU.Build.0 = Debug|Any CPU
		{1CD4D578-9B30-498C-85B6-1A6AE689E157}.Debug|x64.ActiveCfg = Debug|Any CPU
		{1CD4D578-9B30-498C-85B6-1A6AE689E157}.Debug|x64.Build.0 = Debug|Any CPU
		{1CD4D578-9B30-498C-85B6-1A6AE689E157}.Debug|x86.ActiveCfg = Debug|Any CPU
		{1CD4D578-9B30-498C-85B6-1A6AE689E157}.Debug|x86.Build.0 = Debug|Any CPU
		{1CD4D578-9B30-498C-85B6-1A6AE689E157}.Release|Any CPU.ActiveCfg = Release|Any CPU
		{1CD4D578-9B30-498C-85B6-1A6AE689E157}.Release|Any CPU.Build.0 = Release|Any CPU
		{1CD4D578-9B30-498C-85B6-1A6AE689E157}.Release|x64.ActiveCfg = Release|Any CPU
		{1CD4D578-9B30-498C-85B6-1A6AE689E157}.Release|x64.Build.0 = Release|Any CPU
		{1CD4D578-9B30-498C-85B6-1A6AE689E157}.Release|x86.ActiveCfg = Release|Any CPU
		{1CD4D578-9B30-498C-85B6-1A6AE689E157}.Release|x86.Build.0 = Release|Any CPU
		{4D17B171-9545-47D0-AFA9-B2689AA4EF9B}.Debug|Any CPU.ActiveCfg = Debug|Any CPU
		{4D17B171-9545-47D0-AFA9-B2689AA4EF9B}.Debug|Any CPU.Build.0 = Debug|Any CPU
		{4D17B171-9545-47D0-AFA9-B2689AA4EF9B}.Debug|x64.ActiveCfg = Debug|Any CPU
		{4D17B171-9545-47D0-AFA9-B2689AA4EF9B}.Debug|x64.Build.0 = Debug|Any CPU
		{4D17B171-9545-47D0-AFA9-B2689AA4EF9B}.Debug|x86.ActiveCfg = Debug|Any CPU
		{4D17B171-9545-47D0-AFA9-B2689AA4EF9B}.Debug|x86.Build.0 = Debug|Any CPU
		{4D17B171-9545-47D0-AFA9-B2689AA4EF9B}.Release|Any CPU.ActiveCfg = Release|Any CPU
		{4D17B171-9545-47D0-AFA9-B2689AA4EF9B}.Release|Any CPU.Build.0 = Release|Any CPU
		{4D17B171-9545-47D0-AFA9-B2689AA4EF9B}.Release|x64.ActiveCfg = Release|Any CPU
		{4D17B171-9545-47D0-AFA9-B2689AA4EF9B}.Release|x64.Build.0 = Release|Any CPU
		{4D17B171-9545-47D0-AFA9-B2689AA4EF9B}.Release|x86.ActiveCfg = Release|Any CPU
		{4D17B171-9545-47D0-AFA9-B2689AA4EF9B}.Release|x86.Build.0 = Release|Any CPU
	EndGlobalSection
EndGlobal
