items:
- uid: System.Reflection.PortableExecutable.PEMemoryBlock
  id: PEMemoryBlock
  parent: System.Reflection.PortableExecutable
  children:
  - System.Reflection.PortableExecutable.PEMemoryBlock.GetContent
  - System.Reflection.PortableExecutable.PEMemoryBlock.Length
  - System.Reflection.PortableExecutable.PEMemoryBlock.Pointer
  href: System.Reflection.PortableExecutable.PEMemoryBlock.yml
  name: PEMemoryBlock
  fullName: System.Reflection.PortableExecutable.PEMemoryBlock
  type: Struct
  source:
    remote: &o0
      path: src/System.Reflection.Metadata/src/System/Reflection/PortableExecutable/PEMemoryBlock.cs
      branch: master
      repo: https://github.com/chenkennt/corefx.git
    path: src/System.Reflection.Metadata/src/System/Reflection/PortableExecutable/PEMemoryBlock.cs
    startLine: 9
  assemblies:
  - System.Reflection.Metadata
  namespace: System.Reflection.PortableExecutable
  syntax:
    content: public struct PEMemoryBlock
    content.vb: Public Structure PEMemoryBlock
  inheritedMembers:
  - System.ValueType.Equals(System.Object)
  - System.ValueType.GetHashCode
  - System.ValueType.ToString
  - System.Object.Equals(System.Object,System.Object)
  - System.Object.ReferenceEquals(System.Object,System.Object)
  - System.Object.GetType
- uid: System.Reflection.PortableExecutable.PEMemoryBlock.Pointer
  id: Pointer
  parent: System.Reflection.PortableExecutable.PEMemoryBlock
  href: System.Reflection.PortableExecutable.PEMemoryBlock.yml
  name: Pointer
  fullName: System.Reflection.PortableExecutable.PEMemoryBlock.Pointer
  type: Property
  source:
    remote: *o0
    path: src/System.Reflection.Metadata/src/System/Reflection/PortableExecutable/PEMemoryBlock.cs
    startLine: 23
  assemblies:
  - System.Reflection.Metadata
  namespace: System.Reflection.PortableExecutable
  syntax:
    content: public byte *Pointer { get; }
    content.vb: Public ReadOnly Property Pointer As Byte
    parameters: []
    return:
      type: System.Byte*
      description: 
- uid: System.Reflection.PortableExecutable.PEMemoryBlock.Length
  id: Length
  parent: System.Reflection.PortableExecutable.PEMemoryBlock
  href: System.Reflection.PortableExecutable.PEMemoryBlock.yml
  name: Length
  fullName: System.Reflection.PortableExecutable.PEMemoryBlock.Length
  type: Property
  source:
    remote: *o0
    path: src/System.Reflection.Metadata/src/System/Reflection/PortableExecutable/PEMemoryBlock.cs
    startLine: 31
  assemblies:
  - System.Reflection.Metadata
  namespace: System.Reflection.PortableExecutable
  syntax:
    content: public int Length { get; }
    content.vb: Public ReadOnly Property Length As Integer
    parameters: []
    return:
      type: System.Int32
      description: 
- uid: System.Reflection.PortableExecutable.PEMemoryBlock.GetContent
  id: GetContent
  parent: System.Reflection.PortableExecutable.PEMemoryBlock
  href: System.Reflection.PortableExecutable.PEMemoryBlock.yml
  name: GetContent()
  fullName: System.Reflection.PortableExecutable.PEMemoryBlock.GetContent()
  type: Method
  source:
    remote: *o0
    path: src/System.Reflection.Metadata/src/System/Reflection/PortableExecutable/PEMemoryBlock.cs
    startLine: 41
  assemblies:
  - System.Reflection.Metadata
  namespace: System.Reflection.PortableExecutable
  syntax:
    content: public ImmutableArray<byte> GetContent()
    content.vb: Public Function GetContent As ImmutableArray(Of Byte)
    return:
      type: ImmutableArray{System.Byte}
      description: 
references:
- uid: System.Reflection.PortableExecutable
  isExternal: false
  name: System.Reflection.PortableExecutable
  fullName: System.Reflection.PortableExecutable
  type: Namespace
- uid: System.ValueType.Equals(System.Object)
  parent: System.ValueType
  isExternal: false
  href: System.ValueType.yml
  name: Equals(Object)
  fullName: System.ValueType.Equals(System.Object)
  spec.csharp:
  - uid: System.ValueType.Equals(System.Object)
    name: Equals
    fullName: System.ValueType.Equals
    href: System.ValueType.yml
  - name: (
    fullName: (
  - uid: System.Object
    name: Object
    fullName: System.Object
    href: System.Object.yml
  - name: )
    fullName: )
  spec.vb:
  - uid: System.ValueType.Equals(System.Object)
    name: Equals
    fullName: System.ValueType.Equals
    href: System.ValueType.yml
  - name: (
    fullName: (
  - uid: System.Object
    name: Object
    fullName: System.Object
    href: System.Object.yml
  - name: )
    fullName: )
- uid: System.ValueType.GetHashCode
  parent: System.ValueType
  isExternal: true
  name: GetHashCode()
  fullName: System.ValueType.GetHashCode()
  spec.csharp:
  - uid: System.ValueType.GetHashCode
    name: GetHashCode
    fullName: System.ValueType.GetHashCode
    isExternal: true
  - name: (
    fullName: (
  - name: )
    fullName: )
  spec.vb:
  - uid: System.ValueType.GetHashCode
    name: GetHashCode
    fullName: System.ValueType.GetHashCode
    isExternal: true
  - name: (
    fullName: (
  - name: )
    fullName: )
- uid: System.ValueType.ToString
  parent: System.ValueType
  isExternal: false
  href: System.ValueType.yml
  name: ToString()
  fullName: System.ValueType.ToString()
  spec.csharp:
  - uid: System.ValueType.ToString
    name: ToString
    fullName: System.ValueType.ToString
    href: System.ValueType.yml
  - name: (
    fullName: (
  - name: )
    fullName: )
  spec.vb:
  - uid: System.ValueType.ToString
    name: ToString
    fullName: System.ValueType.ToString
    href: System.ValueType.yml
  - name: (
    fullName: (
  - name: )
    fullName: )
- uid: System.Object.Equals(System.Object,System.Object)
  parent: System.Object
  isExternal: false
  href: System.Object.yml
  name: Equals(Object, Object)
  fullName: System.Object.Equals(System.Object, System.Object)
  spec.csharp:
  - uid: System.Object.Equals(System.Object,System.Object)
    name: Equals
    fullName: System.Object.Equals
    href: System.Object.yml
  - name: (
    fullName: (
  - uid: System.Object
    name: Object
    fullName: System.Object
    href: System.Object.yml
  - name: ', '
    fullName: ', '
  - uid: System.Object
    name: Object
    fullName: System.Object
    href: System.Object.yml
  - name: )
    fullName: )
  spec.vb:
  - uid: System.Object.Equals(System.Object,System.Object)
    name: Equals
    fullName: System.Object.Equals
    href: System.Object.yml
  - name: (
    fullName: (
  - uid: System.Object
    name: Object
    fullName: System.Object
    href: System.Object.yml
  - name: ', '
    fullName: ', '
  - uid: System.Object
    name: Object
    fullName: System.Object
    href: System.Object.yml
  - name: )
    fullName: )
- uid: System.Object.ReferenceEquals(System.Object,System.Object)
  parent: System.Object
  isExternal: false
  href: System.Object.yml
  name: ReferenceEquals(Object, Object)
  fullName: System.Object.ReferenceEquals(System.Object, System.Object)
  spec.csharp:
  - uid: System.Object.ReferenceEquals(System.Object,System.Object)
    name: ReferenceEquals
    fullName: System.Object.ReferenceEquals
    href: System.Object.yml
  - name: (
    fullName: (
  - uid: System.Object
    name: Object
    fullName: System.Object
    href: System.Object.yml
  - name: ', '
    fullName: ', '
  - uid: System.Object
    name: Object
    fullName: System.Object
    href: System.Object.yml
  - name: )
    fullName: )
  spec.vb:
  - uid: System.Object.ReferenceEquals(System.Object,System.Object)
    name: ReferenceEquals
    fullName: System.Object.ReferenceEquals
    href: System.Object.yml
  - name: (
    fullName: (
  - uid: System.Object
    name: Object
    fullName: System.Object
    href: System.Object.yml
  - name: ', '
    fullName: ', '
  - uid: System.Object
    name: Object
    fullName: System.Object
    href: System.Object.yml
  - name: )
    fullName: )
- uid: System.Object.GetType
  parent: System.Object
  isExternal: true
  name: GetType()
  fullName: System.Object.GetType()
  spec.csharp:
  - uid: System.Object.GetType
    name: GetType
    fullName: System.Object.GetType
    isExternal: true
  - name: (
    fullName: (
  - name: )
    fullName: )
  spec.vb:
  - uid: System.Object.GetType
    name: GetType
    fullName: System.Object.GetType
    isExternal: true
  - name: (
    fullName: (
  - name: )
    fullName: )
- uid: System.ValueType
  parent: System
  isExternal: false
  href: System.ValueType.yml
  name: ValueType
  fullName: System.ValueType
  type: Class
- uid: System.Object
  parent: System
  isExternal: false
  href: System.Object.yml
  name: Object
  fullName: System.Object
  type: Class
- uid: System
  isExternal: false
  name: System
  fullName: System
  type: Namespace
- uid: System.Byte*
  isExternal: false
  href: System.Byte.yml
  name: Byte*
  fullName: System.Byte*
  spec.csharp:
  - uid: System.Byte
    name: Byte
    fullName: System.Byte
    href: System.Byte.yml
  - name: '*'
    fullName: '*'
  spec.vb:
  - uid: System.Byte
    name: Byte
    fullName: System.Byte
    href: System.Byte.yml
  - name: '*'
    fullName: '*'
- uid: System.Int32
  parent: System
  isExternal: false
  href: System.Int32.yml
  name: Int32
  fullName: System.Int32
  type: Struct
- uid: ImmutableArray{System.Byte}
  definition: ImmutableArray`1
  name: ImmutableArray<Byte>
  name.vb: ImmutableArray(Of Byte)
  fullName: ImmutableArray<System.Byte>
  fullName.vb: ImmutableArray(Of System.Byte)
  spec.csharp:
  - uid: ImmutableArray`1
    name: ImmutableArray
    fullName: ImmutableArray
    isExternal: true
  - name: <
    fullName: <
  - uid: System.Byte
    name: Byte
    fullName: System.Byte
    isExternal: true
  - name: '>'
    fullName: '>'
  spec.vb:
  - uid: ImmutableArray`1
    name: ImmutableArray
    fullName: ImmutableArray
    isExternal: true
  - name: '(Of '
    fullName: '(Of '
  - uid: System.Byte
    name: Byte
    fullName: System.Byte
    isExternal: true
  - name: )
    fullName: )
- uid: ImmutableArray`1
  isExternal: true
  name: ImmutableArray<>
  name.vb: ImmutableArray(Of )
  fullName: ImmutableArray<>
  fullName.vb: ImmutableArray(Of )
  spec.csharp:
  - uid: ImmutableArray`1
    name: ImmutableArray
    fullName: ImmutableArray
    isExternal: true
  - name: <
    fullName: <
  - name: 
    fullName: 
  - name: '>'
    fullName: '>'
  spec.vb:
  - uid: ImmutableArray`1
    name: ImmutableArray
    fullName: ImmutableArray
    isExternal: true
  - name: '(Of '
    fullName: '(Of '
  - name: 
    fullName: 
  - name: )
    fullName: )
