
Microsoft Visual Studio Solution File, Format Version 11.00
# Visual Studio 2010
Project("{ECD6D718-D1CF-4119-97F3-97C25A0DFBF9}") = "LS_Screens_VB", "LS_Screens_VB.lsproj", "{EAB377BF-7842-407F-8100-8017A23F546A}"
EndProject
Global
	GlobalSection(SolutionConfigurationPlatforms) = preSolution
		Debug|Any CPU = Debug|Any CPU
		Release|Any CPU = Release|Any CPU
	EndGlobalSection
	GlobalSection(ProjectConfigurationPlatforms) = postSolution
		{EAB377BF-7842-407F-8100-8017A23F546A}.Debug|Any CPU.ActiveCfg = Debug|Any CPU
		{EAB377BF-7842-407F-8100-8017A23F546A}.Debug|Any CPU.Build.0 = Debug|Any CPU
		{EAB377BF-7842-407F-8100-8017A23F546A}.Release|Any CPU.ActiveCfg = Release|Any CPU
		{EAB377BF-7842-407F-8100-8017A23F546A}.Release|Any CPU.Build.0 = Release|Any CPU
		{D4A79F26-9EB1-4ABC-AB31-8CCA64F8E53A}.Debug|Any CPU.ActiveCfg = Debug|Any CPU
		{D4A79F26-9EB1-4ABC-AB31-8CCA64F8E53A}.Debug|Any CPU.Build.0 = Debug|Any CPU
		{D4A79F26-9EB1-4ABC-AB31-8CCA64F8E53A}.Release|Any CPU.ActiveCfg = Release|Any CPU
		{D4A79F26-9EB1-4ABC-AB31-8CCA64F8E53A}.Release|Any CPU.Build.0 = Release|Any CPU
		{B6EC68CC-06A6-4C32-AF20-C1AC5E197924}.Debug|Any CPU.ActiveCfg = Debug|Any CPU
		{B6EC68CC-06A6-4C32-AF20-C1AC5E197924}.Debug|Any CPU.Build.0 = Debug|Any CPU
		{B6EC68CC-06A6-4C32-AF20-C1AC5E197924}.Release|Any CPU.ActiveCfg = Release|Any CPU
		{B6EC68CC-06A6-4C32-AF20-C1AC5E197924}.Release|Any CPU.Build.0 = Release|Any CPU
		{92D019B0-C403-4DFD-9885-1FE3A9EFA3D8}.Debug|Any CPU.ActiveCfg = Debug|Any CPU
		{92D019B0-C403-4DFD-9885-1FE3A9EFA3D8}.Debug|Any CPU.Build.0 = Debug|Any CPU
		{92D019B0-C403-4DFD-9885-1FE3A9EFA3D8}.Release|Any CPU.ActiveCfg = Release|Any CPU
		{92D019B0-C403-4DFD-9885-1FE3A9EFA3D8}.Release|Any CPU.Build.0 = Release|Any CPU
		{DFA93F60-14B7-42EB-B88D-AB517BC02908}.Debug|Any CPU.ActiveCfg = Debug|Any CPU
		{DFA93F60-14B7-42EB-B88D-AB517BC02908}.Debug|Any CPU.Build.0 = Debug|Any CPU
		{DFA93F60-14B7-42EB-B88D-AB517BC02908}.Release|Any CPU.ActiveCfg = Release|Any CPU
		{DFA93F60-14B7-42EB-B88D-AB517BC02908}.Release|Any CPU.Build.0 = Release|Any CPU
		{64966FC7-EFBD-44D7-86F8-B170AACB50F7}.Debug|Any CPU.ActiveCfg = Debug|Any CPU
		{64966FC7-EFBD-44D7-86F8-B170AACB50F7}.Debug|Any CPU.Build.0 = Debug|Any CPU
		{64966FC7-EFBD-44D7-86F8-B170AACB50F7}.Release|Any CPU.ActiveCfg = Release|Any CPU
		{64966FC7-EFBD-44D7-86F8-B170AACB50F7}.Release|Any CPU.Build.0 = Release|Any CPU
	EndGlobalSection
	GlobalSection(SolutionProperties) = preSolution
		HideSolutionNode = FALSE
	EndGlobalSection
EndGlobal
